// !$*UTF8*$!
{
	archiveVersion = 1;
	classes = {
	};
	objectVersion = 55;
	objects = {

/* Begin PBXBuildFile section */
		0A2A831F283B564E00FD0E80 /* HTMLAttributeApp.swift in Sources */ = {isa = PBXBuildFile; fileRef = 0A2A831E283B564E00FD0E80 /* HTMLAttributeApp.swift */; };
		0A2A8321283B564E00FD0E80 /* ContentView.swift in Sources */ = {isa = PBXBuildFile; fileRef = 0A2A8320283B564E00FD0E80 /* ContentView.swift */; };
		0A2A8323283B565100FD0E80 /* Assets.xcassets in Resources */ = {isa = PBXBuildFile; fileRef = 0A2A8322283B565100FD0E80 /* Assets.xcassets */; };
		0A2A8326283B565100FD0E80 /* Preview Assets.xcassets in Resources */ = {isa = PBXBuildFile; fileRef = 0A2A8325283B565100FD0E80 /* Preview Assets.xcassets */; };
		0A326219283F5C5800535216 /* CassandraPersonalUseRegular.ttf in Resources */ = {isa = PBXBuildFile; fileRef = 0A326218283F5C2600535216 /* CassandraPersonalUseRegular.ttf */; };
		0A32621E283F63AF00535216 /* AlMajeedQuranicFont.ttf in Resources */ = {isa = PBXBuildFile; fileRef = 0A32621C283F636500535216 /* AlMajeedQuranicFont.ttf */; };
		0A32621F283F63B200535216 /* AlMushafQuran.ttf in Resources */ = {isa = PBXBuildFile; fileRef = 0A32621B283F636500535216 /* AlMushafQuran.ttf */; };
		0A326220283F63B400535216 /* AlQalamQuran.ttf in Resources */ = {isa = PBXBuildFile; fileRef = 0A32621A283F636400535216 /* AlQalamQuran.ttf */; };
		0A326221283F63B600535216 /* MUHAMMADIQURANICFONT.ttf in Resources */ = {isa = PBXBuildFile; fileRef = 0A32621D283F636500535216 /* MUHAMMADIQURANICFONT.ttf */; };
		0A326223283F72FA00535216 /* me_quran.ttf in Resources */ = {isa = PBXBuildFile; fileRef = 0A326222283F72FA00535216 /* me_quran.ttf */; };
		0A326227283F77E300535216 /* HTMLTextView.swift in Sources */ = {isa = PBXBuildFile; fileRef = 0A326226283F77E300535216 /* HTMLTextView.swift */; };
		0A32622B283F8ABF00535216 /* TextView.swift in Sources */ = {isa = PBXBuildFile; fileRef = 0A32622A283F8ABF00535216 /* TextView.swift */; };
		0A32622D283F99AF00535216 /* 0.html in Resources */ = {isa = PBXBuildFile; fileRef = 0A32622C283F99AF00535216 /* 0.html */; };
		0A71A6DA283E3232004A35F9 /* html.md in Resources */ = {isa = PBXBuildFile; fileRef = 0A71A6D9283E3232004A35F9 /* html.md */; };
		0AD42DAF283E3F9900D8526E /* _PDMS_Saleem_QuranFont.ttf in Resources */ = {isa = PBXBuildFile; fileRef = 0AD42DAE283E3F8700D8526E /* _PDMS_Saleem_QuranFont.ttf */; };
/* End PBXBuildFile section */

/* Begin PBXFileReference section */
		0A2A831B283B564D00FD0E80 /* HTMLTextAttributes.app */ = {isa = PBXFileReference; explicitFileType = wrapper.application; includeInIndex = 0; path = HTMLTextAttributes.app; sourceTree = BUILT_PRODUCTS_DIR; };
		0A2A831E283B564E00FD0E80 /* HTMLAttributeApp.swift */ = {isa = PBXFileReference; lastKnownFileType = sourcecode.swift; path = HTMLAttributeApp.swift; sourceTree = "<group>"; };
		0A2A8320283B564E00FD0E80 /* ContentView.swift */ = {isa = PBXFileReference; lastKnownFileType = sourcecode.swift; path = ContentView.swift; sourceTree = "<group>"; };
		0A2A8322283B565100FD0E80 /* Assets.xcassets */ = {isa = PBXFileReference; lastKnownFileType = folder.assetcatalog; path = Assets.xcassets; sourceTree = "<group>"; };
		0A2A8325283B565100FD0E80 /* Preview Assets.xcassets */ = {isa = PBXFileReference; lastKnownFileType = folder.assetcatalog; path = "Preview Assets.xcassets"; sourceTree = "<group>"; };
		0A326218283F5C2600535216 /* CassandraPersonalUseRegular.ttf */ = {isa = PBXFileReference; lastKnownFileType = file; path = CassandraPersonalUseRegular.ttf; sourceTree = "<group>"; };
		0A32621A283F636400535216 /* AlQalamQuran.ttf */ = {isa = PBXFileReference; lastKnownFileType = file; path = AlQalamQuran.ttf; sourceTree = "<group>"; };
		0A32621B283F636500535216 /* AlMushafQuran.ttf */ = {isa = PBXFileReference; lastKnownFileType = file; path = AlMushafQuran.ttf; sourceTree = "<group>"; };
		0A32621C283F636500535216 /* AlMajeedQuranicFont.ttf */ = {isa = PBXFileReference; lastKnownFileType = file; path = AlMajeedQuranicFont.ttf; sourceTree = "<group>"; };
		0A32621D283F636500535216 /* MUHAMMADIQURANICFONT.ttf */ = {isa = PBXFileReference; lastKnownFileType = file; path = MUHAMMADIQURANICFONT.ttf; sourceTree = "<group>"; };
		0A326222283F72FA00535216 /* me_quran.ttf */ = {isa = PBXFileReference; lastKnownFileType = file; path = me_quran.ttf; sourceTree = "<group>"; };
		0A326226283F77E300535216 /* HTMLTextView.swift */ = {isa = PBXFileReference; lastKnownFileType = sourcecode.swift; path = HTMLTextView.swift; sourceTree = "<group>"; };
		0A32622A283F8ABF00535216 /* TextView.swift */ = {isa = PBXFileReference; lastKnownFileType = sourcecode.swift; path = TextView.swift; sourceTree = "<group>"; };
		0A32622C283F99AF00535216 /* 0.html */ = {isa = PBXFileReference; lastKnownFileType = text.html; path = 0.html; sourceTree = "<group>"; };
		0A71A6D9283E3232004A35F9 /* html.md */ = {isa = PBXFileReference; lastKnownFileType = net.daringfireball.markdown; path = html.md; sourceTree = "<group>"; };
		0AD42DAE283E3F8700D8526E /* _PDMS_Saleem_QuranFont.ttf */ = {isa = PBXFileReference; lastKnownFileType = file; path = _PDMS_Saleem_QuranFont.ttf; sourceTree = "<group>"; };
		0AD42DB0283E3FAE00D8526E /* Info.plist */ = {isa = PBXFileReference; lastKnownFileType = text.plist; path = Info.plist; sourceTree = "<group>"; };
/* End PBXFileReference section */

/* Begin PBXFrameworksBuildPhase section */
		0A2A8318283B564D00FD0E80 /* Frameworks */ = {
			isa = PBXFrameworksBuildPhase;
			buildActionMask = 2147483647;
			files = (
			);
			runOnlyForDeploymentPostprocessing = 0;
		};
/* End PBXFrameworksBuildPhase section */

/* Begin PBXGroup section */
		0A2A8312283B564D00FD0E80 = {
			isa = PBXGroup;
			children = (
				0A2A831D283B564D00FD0E80 /* HTMLTextAttributes */,
				0A2A831C283B564D00FD0E80 /* Products */,
			);
			sourceTree = "<group>";
		};
		0A2A831C283B564D00FD0E80 /* Products */ = {
			isa = PBXGroup;
			children = (
				0A2A831B283B564D00FD0E80 /* HTMLTextAttributes.app */,
			);
			name = Products;
			sourceTree = "<group>";
		};
		0A2A831D283B564D00FD0E80 /* HTMLTextAttributes */ = {
			isa = PBXGroup;
			children = (
				0A32622E283F99B500535216 /* Tafsir */,
				0AD42DB0283E3FAE00D8526E /* Info.plist */,
				0A71A6D9283E3232004A35F9 /* html.md */,
				0A326222283F72FA00535216 /* me_quran.ttf */,
				0A32621C283F636500535216 /* AlMajeedQuranicFont.ttf */,
				0A32621B283F636500535216 /* AlMushafQuran.ttf */,
				0A32621A283F636400535216 /* AlQalamQuran.ttf */,
				0A32621D283F636500535216 /* MUHAMMADIQURANICFONT.ttf */,
				0A326226283F77E300535216 /* HTMLTextView.swift */,
				0A326218283F5C2600535216 /* CassandraPersonalUseRegular.ttf */,
				0AD42DAE283E3F8700D8526E /* _PDMS_Saleem_QuranFont.ttf */,
				0A2A831E283B564E00FD0E80 /* HTMLAttributeApp.swift */,
				0A2A8320283B564E00FD0E80 /* ContentView.swift */,
				0A2A8322283B565100FD0E80 /* Assets.xcassets */,
				0A2A8324283B565100FD0E80 /* Preview Content */,
				0A32622A283F8ABF00535216 /* TextView.swift */,
			);
			path = HTMLTextAttributes;
			sourceTree = "<group>";
		};
		0A2A8324283B565100FD0E80 /* Preview Content */ = {
			isa = PBXGroup;
			children = (
				0A2A8325283B565100FD0E80 /* Preview Assets.xcassets */,
			);
			path = "Preview Content";
			sourceTree = "<group>";
		};
		0A32622E283F99B500535216 /* Tafsir */ = {
			isa = PBXGroup;
			children = (
				0A32622F283F99CB00535216 /* IbnKathir */,
			);
			path = Tafsir;
			sourceTree = "<group>";
		};
		0A32622F283F99CB00535216 /* IbnKathir */ = {
			isa = PBXGroup;
			children = (
				0A326230283F99D600535216 /* Surah_1 */,
			);
			path = IbnKathir;
			sourceTree = "<group>";
		};
		0A326230283F99D600535216 /* Surah_1 */ = {
			isa = PBXGroup;
			children = (
				0A32622C283F99AF00535216 /* 0.html */,
			);
			path = Surah_1;
			sourceTree = "<group>";
		};
/* End PBXGroup section */

/* Begin PBXNativeTarget section */
		0A2A831A283B564D00FD0E80 /* HTMLTextAttributes */ = {
			isa = PBXNativeTarget;
			buildConfigurationList = 0A2A8329283B565100FD0E80 /* Build configuration list for PBXNativeTarget "HTMLTextAttributes" */;
			buildPhases = (
				0A2A8317283B564D00FD0E80 /* Sources */,
				0A2A8318283B564D00FD0E80 /* Frameworks */,
				0A2A8319283B564D00FD0E80 /* Resources */,
			);
			buildRules = (
			);
			dependencies = (
			);
			name = HTMLTextAttributes;
			productName = Sample;
			productReference = 0A2A831B283B564D00FD0E80 /* HTMLTextAttributes.app */;
			productType = "com.apple.product-type.application";
		};
/* End PBXNativeTarget section */

/* Begin PBXProject section */
		0A2A8313283B564D00FD0E80 /* Project object */ = {
			isa = PBXProject;
			attributes = {
				BuildIndependentTargetsInParallel = 1;
				LastSwiftUpdateCheck = 1320;
				LastUpgradeCheck = 1320;
				TargetAttributes = {
					0A2A831A283B564D00FD0E80 = {
						CreatedOnToolsVersion = 13.2.1;
					};
				};
			};
			buildConfigurationList = 0A2A8316283B564D00FD0E80 /* Build configuration list for PBXProject "HTMLTextAttributes" */;
			compatibilityVersion = "Xcode 13.0";
			developmentRegion = en;
			hasScannedForEncodings = 0;
			knownRegions = (
				en,
				Base,
			);
			mainGroup = 0A2A8312283B564D00FD0E80;
			productRefGroup = 0A2A831C283B564D00FD0E80 /* Products */;
			projectDirPath = "";
			projectRoot = "";
			targets = (
				0A2A831A283B564D00FD0E80 /* HTMLTextAttributes */,
			);
		};
/* End PBXProject section */

/* Begin PBXResourcesBuildPhase section */
		0A2A8319283B564D00FD0E80 /* Resources */ = {
			isa = PBXResourcesBuildPhase;
			buildActionMask = 2147483647;
			files = (
				0A326223283F72FA00535216 /* me_quran.ttf in Resources */,
				0A32621E283F63AF00535216 /* AlMajeedQuranicFont.ttf in Resources */,
				0A71A6DA283E3232004A35F9 /* html.md in Resources */,
				0A2A8326283B565100FD0E80 /* Preview Assets.xcassets in Resources */,
				0A32621F283F63B200535216 /* AlMushafQuran.ttf in Resources */,
				0A326220283F63B400535216 /* AlQalamQuran.ttf in Resources */,
				0A32622D283F99AF00535216 /* 0.html in Resources */,
				0AD42DAF283E3F9900D8526E /* _PDMS_Saleem_QuranFont.ttf in Resources */,
				0A326219283F5C5800535216 /* CassandraPersonalUseRegular.ttf in Resources */,
				0A2A8323283B565100FD0E80 /* Assets.xcassets in Resources */,
				0A326221283F63B600535216 /* MUHAMMADIQURANICFONT.ttf in Resources */,
			);
			runOnlyForDeploymentPostprocessing = 0;
		};
/* End PBXResourcesBuildPhase section */

/* Begin PBXSourcesBuildPhase section */
		0A2A8317283B564D00FD0E80 /* Sources */ = {
			isa = PBXSourcesBuildPhase;
			buildActionMask = 2147483647;
			files = (
				0A2A8321283B564E00FD0E80 /* ContentView.swift in Sources */,
				0A326227283F77E300535216 /* HTMLTextView.swift in Sources */,
				0A2A831F283B564E00FD0E80 /* HTMLAttributeApp.swift in Sources */,
				0A32622B283F8ABF00535216 /* TextView.swift in Sources */,
			);
			runOnlyForDeploymentPostprocessing = 0;
		};
/* End PBXSourcesBuildPhase section */

/* Begin XCBuildConfiguration section */
		0A2A8327283B565100FD0E80 /* Debug */ = {
			isa = XCBuildConfiguration;
			buildSettings = {
				ALWAYS_SEARCH_USER_PATHS = NO;
				CLANG_ANALYZER_NONNULL = YES;
				CLANG_ANALYZER_NUMBER_OBJECT_CONVERSION = YES_AGGRESSIVE;
				CLANG_CXX_LANGUAGE_STANDARD = "gnu++17";
				CLANG_CXX_LIBRARY = "libc++";
				CLANG_ENABLE_MODULES = YES;
				CLANG_ENABLE_OBJC_ARC = YES;
				CLANG_ENABLE_OBJC_WEAK = YES;
				CLANG_WARN_BLOCK_CAPTURE_AUTORELEASING = YES;
				CLANG_WARN_BOOL_CONVERSION = YES;
				CLANG_WARN_COMMA = YES;
				CLANG_WARN_CONSTANT_CONVERSION = YES;
				CLANG_WARN_DEPRECATED_OBJC_IMPLEMENTATIONS = YES;
				CLANG_WARN_DIRECT_OBJC_ISA_USAGE = YES_ERROR;
				CLANG_WARN_DOCUMENTATION_COMMENTS = YES;
				CLANG_WARN_EMPTY_BODY = YES;
				CLANG_WARN_ENUM_CONVERSION = YES;
				CLANG_WARN_INFINITE_RECURSION = YES;
				CLANG_WARN_INT_CONVERSION = YES;
				CLANG_WARN_NON_LITERAL_NULL_CONVERSION = YES;
				CLANG_WARN_OBJC_IMPLICIT_RETAIN_SELF = YES;
				CLANG_WARN_OBJC_LITERAL_CONVERSION = YES;
				CLANG_WARN_OBJC_ROOT_CLASS = YES_ERROR;
				CLANG_WARN_QUOTED_INCLUDE_IN_FRAMEWORK_HEADER = YES;
				CLANG_WARN_RANGE_LOOP_ANALYSIS = YES;
				CLANG_WARN_STRICT_PROTOTYPES = YES;
				CLANG_WARN_SUSPICIOUS_MOVE = YES;
				CLANG_WARN_UNGUARDED_AVAILABILITY = YES_AGGRESSIVE;
				CLANG_WARN_UNREACHABLE_CODE = YES;
				CLANG_WARN__DUPLICATE_METHOD_MATCH = YES;
				COPY_PHASE_STRIP = NO;
				DEBUG_INFORMATION_FORMAT = dwarf;
				ENABLE_STRICT_OBJC_MSGSEND = YES;
				ENABLE_TESTABILITY = YES;
				GCC_C_LANGUAGE_STANDARD = gnu11;
				GCC_DYNAMIC_NO_PIC = NO;
				GCC_NO_COMMON_BLOCKS = YES;
				GCC_OPTIMIZATION_LEVEL = 0;
				GCC_PREPROCESSOR_DEFINITIONS = (
					"DEBUG=1",
					"$(inherited)",
				);
				GCC_WARN_64_TO_32_BIT_CONVERSION = YES;
				GCC_WARN_ABOUT_RETURN_TYPE = YES_ERROR;
				GCC_WARN_UNDECLARED_SELECTOR = YES;
				GCC_WARN_UNINITIALIZED_AUTOS = YES_AGGRESSIVE;
				GCC_WARN_UNUSED_FUNCTION = YES;
				GCC_WARN_UNUSED_VARIABLE = YES;
				IPHONEOS_DEPLOYMENT_TARGET = 15.2;
				MTL_ENABLE_DEBUG_INFO = INCLUDE_SOURCE;
				MTL_FAST_MATH = YES;
				ONLY_ACTIVE_ARCH = YES;
				SDKROOT = iphoneos;
				SWIFT_ACTIVE_COMPILATION_CONDITIONS = DEBUG;
				SWIFT_OPTIMIZATION_LEVEL = "-Onone";
			};
			name = Debug;
		};
		0A2A8328283B565100FD0E80 /* Release */ = {
			isa = XCBuildConfiguration;
			buildSettings = {
				ALWAYS_SEARCH_USER_PATHS = NO;
				CLANG_ANALYZER_NONNULL = YES;
				CLANG_ANALYZER_NUMBER_OBJECT_CONVERSION = YES_AGGRESSIVE;
				CLANG_CXX_LANGUAGE_STANDARD = "gnu++17";
				CLANG_CXX_LIBRARY = "libc++";
				CLANG_ENABLE_MODULES = YES;
				CLANG_ENABLE_OBJC_ARC = YES;
				CLANG_ENABLE_OBJC_WEAK = YES;
				CLANG_WARN_BLOCK_CAPTURE_AUTORELEASING = YES;
				CLANG_WARN_BOOL_CONVERSION = YES;
				CLANG_WARN_COMMA = YES;
				CLANG_WARN_CONSTANT_CONVERSION = YES;
				CLANG_WARN_DEPRECATED_OBJC_IMPLEMENTATIONS = YES;
				CLANG_WARN_DIRECT_OBJC_ISA_USAGE = YES_ERROR;
				CLANG_WARN_DOCUMENTATION_COMMENTS = YES;
				CLANG_WARN_EMPTY_BODY = YES;
				CLANG_WARN_ENUM_CONVERSION = YES;
				CLANG_WARN_INFINITE_RECURSION = YES;
				CLANG_WARN_INT_CONVERSION = YES;
				CLANG_WARN_NON_LITERAL_NULL_CONVERSION = YES;
				CLANG_WARN_OBJC_IMPLICIT_RETAIN_SELF = YES;
				CLANG_WARN_OBJC_LITERAL_CONVERSION = YES;
				CLANG_WARN_OBJC_ROOT_CLASS = YES_ERROR;
				CLANG_WARN_QUOTED_INCLUDE_IN_FRAMEWORK_HEADER = YES;
				CLANG_WARN_RANGE_LOOP_ANALYSIS = YES;
				CLANG_WARN_STRICT_PROTOTYPES = YES;
				CLANG_WARN_SUSPICIOUS_MOVE = YES;
				CLANG_WARN_UNGUARDED_AVAILABILITY = YES_AGGRESSIVE;
				CLANG_WARN_UNREACHABLE_CODE = YES;
				CLANG_WARN__DUPLICATE_METHOD_MATCH = YES;
				COPY_PHASE_STRIP = NO;
				DEBUG_INFORMATION_FORMAT = "dwarf-with-dsym";
				ENABLE_NS_ASSERTIONS = NO;
				ENABLE_STRICT_OBJC_MSGSEND = YES;
				GCC_C_LANGUAGE_STANDARD = gnu11;
				GCC_NO_COMMON_BLOCKS = YES;
				GCC_WARN_64_TO_32_BIT_CONVERSION = YES;
				GCC_WARN_ABOUT_RETURN_TYPE = YES_ERROR;
				GCC_WARN_UNDECLARED_SELECTOR = YES;
				GCC_WARN_UNINITIALIZED_AUTOS = YES_AGGRESSIVE;
				GCC_WARN_UNUSED_FUNCTION = YES;
				GCC_WARN_UNUSED_VARIABLE = YES;
				IPHONEOS_DEPLOYMENT_TARGET = 15.2;
				MTL_ENABLE_DEBUG_INFO = NO;
				MTL_FAST_MATH = YES;
				SDKROOT = iphoneos;
				SWIFT_COMPILATION_MODE = wholemodule;
				SWIFT_OPTIMIZATION_LEVEL = "-O";
				VALIDATE_PRODUCT = YES;
			};
			name = Release;
		};
		0A2A832A283B565100FD0E80 /* Debug */ = {
			isa = XCBuildConfiguration;
			buildSettings = {
				ASSETCATALOG_COMPILER_APPICON_NAME = AppIcon;
				ASSETCATALOG_COMPILER_GLOBAL_ACCENT_COLOR_NAME = AccentColor;
				CODE_SIGN_STYLE = Automatic;
				CURRENT_PROJECT_VERSION = 1;
				DEVELOPMENT_ASSET_PATHS = "\"$(PRODUCT_NAME)/Preview Content\"";
				ENABLE_PREVIEWS = YES;
				GENERATE_INFOPLIST_FILE = YES;
				INFOPLIST_FILE = "$(PRODUCT_NAME)/Info.plist";
				INFOPLIST_KEY_UIApplicationSceneManifest_Generation = YES;
				INFOPLIST_KEY_UIApplicationSupportsIndirectInputEvents = YES;
				INFOPLIST_KEY_UILaunchScreen_Generation = YES;
				INFOPLIST_KEY_UISupportedInterfaceOrientations_iPad = "UIInterfaceOrientationPortrait UIInterfaceOrientationPortraitUpsideDown UIInterfaceOrientationLandscapeLeft UIInterfaceOrientationLandscapeRight";
				INFOPLIST_KEY_UISupportedInterfaceOrientations_iPhone = "UIInterfaceOrientationPortrait UIInterfaceOrientationLandscapeLeft UIInterfaceOrientationLandscapeRight";
				IPHONEOS_DEPLOYMENT_TARGET = 15.0;
				LD_RUNPATH_SEARCH_PATHS = (
					"$(inherited)",
					"@executable_path/Frameworks",
				);
				MARKETING_VERSION = 1.0;
				PRODUCT_BUNDLE_IDENTIFIER = "com.$(PRODUCT_NAME)";
				PRODUCT_NAME = "$(TARGET_NAME)";
				SWIFT_EMIT_LOC_STRINGS = YES;
				SWIFT_VERSION = 5.0;
				TARGETED_DEVICE_FAMILY = "1,2";
			};
			name = Debug;
		};
		0A2A832B283B565100FD0E80 /* Release */ = {
			isa = XCBuildConfiguration;
			buildSettings = {
				ASSETCATALOG_COMPILER_APPICON_NAME = AppIcon;
				ASSETCATALOG_COMPILER_GLOBAL_ACCENT_COLOR_NAME = AccentColor;
				CODE_SIGN_STYLE = Automatic;
				CURRENT_PROJECT_VERSION = 1;
				DEVELOPMENT_ASSET_PATHS = "\"$(PRODUCT_NAME)/Preview Content\"";
				ENABLE_PREVIEWS = YES;
				GENERATE_INFOPLIST_FILE = YES;
				INFOPLIST_FILE = "$(PRODUCT_NAME)/Info.plist";
				INFOPLIST_KEY_UIApplicationSceneManifest_Generation = YES;
				INFOPLIST_KEY_UIApplicationSupportsIndirectInputEvents = YES;
				INFOPLIST_KEY_UILaunchScreen_Generation = YES;
				INFOPLIST_KEY_UISupportedInterfaceOrientations_iPad = "UIInterfaceOrientationPortrait UIInterfaceOrientationPortraitUpsideDown UIInterfaceOrientationLandscapeLeft UIInterfaceOrientationLandscapeRight";
				INFOPLIST_KEY_UISupportedInterfaceOrientations_iPhone = "UIInterfaceOrientationPortrait UIInterfaceOrientationLandscapeLeft UIInterfaceOrientationLandscapeRight";
				IPHONEOS_DEPLOYMENT_TARGET = 15.0;
				LD_RUNPATH_SEARCH_PATHS = (
					"$(inherited)",
					"@executable_path/Frameworks",
				);
				MARKETING_VERSION = 1.0;
				PRODUCT_BUNDLE_IDENTIFIER = "com.$(PRODUCT_NAME)";
				PRODUCT_NAME = "$(TARGET_NAME)";
				SWIFT_EMIT_LOC_STRINGS = YES;
				SWIFT_VERSION = 5.0;
				TARGETED_DEVICE_FAMILY = "1,2";
			};
			name = Release;
		};
/* End XCBuildConfiguration section */

/* Begin XCConfigurationList section */
		0A2A8316283B564D00FD0E80 /* Build configuration list for PBXProject "HTMLTextAttributes" */ = {
			isa = XCConfigurationList;
			buildConfigurations = (
				0A2A8327283B565100FD0E80 /* Debug */,
				0A2A8328283B565100FD0E80 /* Release */,
			);
			defaultConfigurationIsVisible = 0;
			defaultConfigurationName = Release;
		};
		0A2A8329283B565100FD0E80 /* Build configuration list for PBXNativeTarget "HTMLTextAttributes" */ = {
			isa = XCConfigurationList;
			buildConfigurations = (
				0A2A832A283B565100FD0E80 /* Debug */,
				0A2A832B283B565100FD0E80 /* Release */,
			);
			defaultConfigurationIsVisible = 0;
			defaultConfigurationName = Release;
		};
/* End XCConfigurationList section */
	};
	rootObject = 0A2A8313283B564D00FD0E80 /* Project object */;
}
