// !$*UTF8*$!
{
	archiveVersion = 1;
	classes = {
	};
	objectVersion = 55;
	objects = {

/* Begin PBXBuildFile section */
		0A4DDF81286D750B002DFE51 /* main.swift in Sources */ = {isa = PBXBuildFile; fileRef = 0A4DDF80286D750B002DFE51 /* main.swift */; };
		0A4DDF88286D7A23002DFE51 /* ScreenshotUploader.swift in Sources */ = {isa = PBXBuildFile; fileRef = 0A4DDF87286D7A23002DFE51 /* ScreenshotUploader.swift */; };
		0A4DDF8A286D9A0F002DFE51 /* AuthTokenGenerator.swift in Sources */ = {isa = PBXBuildFile; fileRef = 0A4DDF89286D9A0F002DFE51 /* AuthTokenGenerator.swift */; };
		0A4DDF8C286DB4F2002DFE51 /* AppStoreVersions.swift in Sources */ = {isa = PBXBuildFile; fileRef = 0A4DDF8B286DB4F2002DFE51 /* AppStoreVersions.swift */; };
		0A9A8F292872E2E80037ACA6 /* DataUploadCommand.swift in Sources */ = {isa = PBXBuildFile; fileRef = 0A9A8F282872E2E80037ACA6 /* DataUploadCommand.swift */; };
		0A9A8F2C287300690037ACA6 /* ScreenshotUploader2.swift in Sources */ = {isa = PBXBuildFile; fileRef = 0A9A8F2B287300690037ACA6 /* ScreenshotUploader2.swift */; };
		0A9A8F2E2873008B0037ACA6 /* RequestUploadState.swift in Sources */ = {isa = PBXBuildFile; fileRef = 0A9A8F2D2873008B0037ACA6 /* RequestUploadState.swift */; };
		0A9A8F30287300B70037ACA6 /* CommitUploadState.swift in Sources */ = {isa = PBXBuildFile; fileRef = 0A9A8F2F287300B70037ACA6 /* CommitUploadState.swift */; };
		0A9A8F32287300D40037ACA6 /* DataUploadState.swift in Sources */ = {isa = PBXBuildFile; fileRef = 0A9A8F31287300D40037ACA6 /* DataUploadState.swift */; };
		0A9A8F34287301CE0037ACA6 /* CancelUploadState.swift in Sources */ = {isa = PBXBuildFile; fileRef = 0A9A8F33287301CE0037ACA6 /* CancelUploadState.swift */; };
		0A9A8F36287301F00037ACA6 /* VerifyUploadState.swift in Sources */ = {isa = PBXBuildFile; fileRef = 0A9A8F35287301F00037ACA6 /* VerifyUploadState.swift */; };
		0AA28FC92872D6F1009BB33F /* CommandRequestFactory.swift in Sources */ = {isa = PBXBuildFile; fileRef = 0AA28FC82872D6F1009BB33F /* CommandRequestFactory.swift */; };
		0E12456B7BEB3A882309B3D3 /* Pods_AppstoreAutomation.framework in Frameworks */ = {isa = PBXBuildFile; fileRef = C6447448C496CEDC4C61DFEC /* Pods_AppstoreAutomation.framework */; };
		EE1F599B286FFAA400EB8BEE /* CreateAppInfoLocalizationCommand.swift in Sources */ = {isa = PBXBuildFile; fileRef = EE1F599A286FFAA400EB8BEE /* CreateAppInfoLocalizationCommand.swift */; };
		EE1F599D2870087E00EB8BEE /* GetAppInfoCommand.swift in Sources */ = {isa = PBXBuildFile; fileRef = EE1F599C2870087E00EB8BEE /* GetAppInfoCommand.swift */; };
		EE1F599F28701FBA00EB8BEE /* GetAppInfoLocalizationsCommand.swift in Sources */ = {isa = PBXBuildFile; fileRef = EE1F599E28701FBA00EB8BEE /* GetAppInfoLocalizationsCommand.swift */; };
		EE1F59A1287020FA00EB8BEE /* AppstoreConnectFacade.swift in Sources */ = {isa = PBXBuildFile; fileRef = EE1F59A0287020FA00EB8BEE /* AppstoreConnectFacade.swift */; };
		EE3B94EB286DF19100D18FB3 /* CreateScreenshotSetCommand.swift in Sources */ = {isa = PBXBuildFile; fileRef = EE3B94EA286DF19100D18FB3 /* CreateScreenshotSetCommand.swift */; };
		EE479DBB2870445100140E15 /* ModifyAppInfoLocalizationCommand.swift in Sources */ = {isa = PBXBuildFile; fileRef = EE479DBA2870445100140E15 /* ModifyAppInfoLocalizationCommand.swift */; };
		EE479DBD2870458400140E15 /* ModifyAppStoreVersionLocalizationCommand.swift in Sources */ = {isa = PBXBuildFile; fileRef = EE479DBC2870458400140E15 /* ModifyAppStoreVersionLocalizationCommand.swift */; };
		EE479DC528707F2200140E15 /* UsageExamples.swift in Sources */ = {isa = PBXBuildFile; fileRef = EE479DC428707F2200140E15 /* UsageExamples.swift */; };
		EE479DC728707F9B00140E15 /* CoreEntity.swift in Sources */ = {isa = PBXBuildFile; fileRef = EE479DC628707F9B00140E15 /* CoreEntity.swift */; };
		EE479DC92870865A00140E15 /* DeleteAppScreenshotsCommand.swift in Sources */ = {isa = PBXBuildFile; fileRef = EE479DC82870865A00140E15 /* DeleteAppScreenshotsCommand.swift */; };
		EE984727286F00EB005B2F38 /* GetScreenshotCommand.swift in Sources */ = {isa = PBXBuildFile; fileRef = EE984726286F00EB005B2F38 /* GetScreenshotCommand.swift */; };
		EE984729286F0109005B2F38 /* GetScreenshotSetsCommand.swift in Sources */ = {isa = PBXBuildFile; fileRef = EE984728286F0109005B2F38 /* GetScreenshotSetsCommand.swift */; };
		EE98472B286F0131005B2F38 /* DeleteScreenshotSetCommand.swift in Sources */ = {isa = PBXBuildFile; fileRef = EE98472A286F0131005B2F38 /* DeleteScreenshotSetCommand.swift */; };
		EE98472E286F0171005B2F38 /* CommitAssetUploadCommand.swift in Sources */ = {isa = PBXBuildFile; fileRef = EE98472D286F0171005B2F38 /* CommitAssetUploadCommand.swift */; };
		EE984730286F018D005B2F38 /* RequestUploadCommand.swift in Sources */ = {isa = PBXBuildFile; fileRef = EE98472F286F018D005B2F38 /* RequestUploadCommand.swift */; };
		EE984732286F01DE005B2F38 /* GetAppStoreVersionsCommand.swift in Sources */ = {isa = PBXBuildFile; fileRef = EE984731286F01DE005B2F38 /* GetAppStoreVersionsCommand.swift */; };
		EE984734286F01F4005B2F38 /* CreateAppStoreVersionLocalizationCommand.swift in Sources */ = {isa = PBXBuildFile; fileRef = EE984733286F01F4005B2F38 /* CreateAppStoreVersionLocalizationCommand.swift */; };
		EE984736286F0211005B2F38 /* GetAppStoreVersionLocalizationsCommand.swift in Sources */ = {isa = PBXBuildFile; fileRef = EE984735286F0211005B2F38 /* GetAppStoreVersionLocalizationsCommand.swift */; };
		EE984738286F022A005B2F38 /* GetAppStoreVersionLocalizationCommand.swift in Sources */ = {isa = PBXBuildFile; fileRef = EE984737286F022A005B2F38 /* GetAppStoreVersionLocalizationCommand.swift */; };
		EE98473A286F0249005B2F38 /* DeleteAppStoreVersionLocalizationCommand.swift in Sources */ = {isa = PBXBuildFile; fileRef = EE984739286F0249005B2F38 /* DeleteAppStoreVersionLocalizationCommand.swift */; };
		EE98473D286F0351005B2F38 /* HTTPHandler.swift in Sources */ = {isa = PBXBuildFile; fileRef = EE98473C286F0351005B2F38 /* HTTPHandler.swift */; };
		EE98473F286F0E97005B2F38 /* Configuration.swift in Sources */ = {isa = PBXBuildFile; fileRef = EE98473E286F0E97005B2F38 /* Configuration.swift */; };
/* End PBXBuildFile section */

/* Begin PBXCopyFilesBuildPhase section */
		0A4DDF7B286D750B002DFE51 /* CopyFiles */ = {
			isa = PBXCopyFilesBuildPhase;
			buildActionMask = 2147483647;
			dstPath = /usr/share/man/man1/;
			dstSubfolderSpec = 0;
			files = (
			);
			runOnlyForDeploymentPostprocessing = 1;
		};
/* End PBXCopyFilesBuildPhase section */

/* Begin PBXFileReference section */
		0A4DDF7D286D750B002DFE51 /* AppstoreAutomation */ = {isa = PBXFileReference; explicitFileType = "compiled.mach-o.executable"; includeInIndex = 0; path = AppstoreAutomation; sourceTree = BUILT_PRODUCTS_DIR; };
		0A4DDF80286D750B002DFE51 /* main.swift */ = {isa = PBXFileReference; lastKnownFileType = sourcecode.swift; path = main.swift; sourceTree = "<group>"; };
		0A4DDF87286D7A23002DFE51 /* ScreenshotUploader.swift */ = {isa = PBXFileReference; lastKnownFileType = sourcecode.swift; path = ScreenshotUploader.swift; sourceTree = "<group>"; };
		0A4DDF89286D9A0F002DFE51 /* AuthTokenGenerator.swift */ = {isa = PBXFileReference; lastKnownFileType = sourcecode.swift; path = AuthTokenGenerator.swift; sourceTree = "<group>"; };
		0A4DDF8B286DB4F2002DFE51 /* AppStoreVersions.swift */ = {isa = PBXFileReference; lastKnownFileType = sourcecode.swift; path = AppStoreVersions.swift; sourceTree = "<group>"; };
		0A9A8F282872E2E80037ACA6 /* DataUploadCommand.swift */ = {isa = PBXFileReference; lastKnownFileType = sourcecode.swift; path = DataUploadCommand.swift; sourceTree = "<group>"; };
		0A9A8F2B287300690037ACA6 /* ScreenshotUploader2.swift */ = {isa = PBXFileReference; lastKnownFileType = sourcecode.swift; path = ScreenshotUploader2.swift; sourceTree = "<group>"; };
		0A9A8F2D2873008B0037ACA6 /* RequestUploadState.swift */ = {isa = PBXFileReference; lastKnownFileType = sourcecode.swift; path = RequestUploadState.swift; sourceTree = "<group>"; };
		0A9A8F2F287300B70037ACA6 /* CommitUploadState.swift */ = {isa = PBXFileReference; lastKnownFileType = sourcecode.swift; path = CommitUploadState.swift; sourceTree = "<group>"; };
		0A9A8F31287300D40037ACA6 /* DataUploadState.swift */ = {isa = PBXFileReference; lastKnownFileType = sourcecode.swift; path = DataUploadState.swift; sourceTree = "<group>"; };
		0A9A8F33287301CE0037ACA6 /* CancelUploadState.swift */ = {isa = PBXFileReference; lastKnownFileType = sourcecode.swift; path = CancelUploadState.swift; sourceTree = "<group>"; };
		0A9A8F35287301F00037ACA6 /* VerifyUploadState.swift */ = {isa = PBXFileReference; lastKnownFileType = sourcecode.swift; path = VerifyUploadState.swift; sourceTree = "<group>"; };
		0AA28FC82872D6F1009BB33F /* CommandRequestFactory.swift */ = {isa = PBXFileReference; lastKnownFileType = sourcecode.swift; path = CommandRequestFactory.swift; sourceTree = "<group>"; };
		6FC70EAD366CF3647946AD1D /* Pods-AppstoreAutomation.release.xcconfig */ = {isa = PBXFileReference; includeInIndex = 1; lastKnownFileType = text.xcconfig; name = "Pods-AppstoreAutomation.release.xcconfig"; path = "Target Support Files/Pods-AppstoreAutomation/Pods-AppstoreAutomation.release.xcconfig"; sourceTree = "<group>"; };
		812981D411EC7CB8F5A364F1 /* Pods-AppstoreAutomation.debug.xcconfig */ = {isa = PBXFileReference; includeInIndex = 1; lastKnownFileType = text.xcconfig; name = "Pods-AppstoreAutomation.debug.xcconfig"; path = "Target Support Files/Pods-AppstoreAutomation/Pods-AppstoreAutomation.debug.xcconfig"; sourceTree = "<group>"; };
		C6447448C496CEDC4C61DFEC /* Pods_AppstoreAutomation.framework */ = {isa = PBXFileReference; explicitFileType = wrapper.framework; includeInIndex = 0; path = Pods_AppstoreAutomation.framework; sourceTree = BUILT_PRODUCTS_DIR; };
		EE1F599A286FFAA400EB8BEE /* CreateAppInfoLocalizationCommand.swift */ = {isa = PBXFileReference; lastKnownFileType = sourcecode.swift; path = CreateAppInfoLocalizationCommand.swift; sourceTree = "<group>"; };
		EE1F599C2870087E00EB8BEE /* GetAppInfoCommand.swift */ = {isa = PBXFileReference; lastKnownFileType = sourcecode.swift; path = GetAppInfoCommand.swift; sourceTree = "<group>"; };
		EE1F599E28701FBA00EB8BEE /* GetAppInfoLocalizationsCommand.swift */ = {isa = PBXFileReference; fileEncoding = 4; lastKnownFileType = sourcecode.swift; path = GetAppInfoLocalizationsCommand.swift; sourceTree = "<group>"; };
		EE1F59A0287020FA00EB8BEE /* AppstoreConnectFacade.swift */ = {isa = PBXFileReference; lastKnownFileType = sourcecode.swift; path = AppstoreConnectFacade.swift; sourceTree = "<group>"; };
		EE3B94E8286DE3B300D18FB3 /* APITree.jpg */ = {isa = PBXFileReference; lastKnownFileType = image.jpeg; path = APITree.jpg; sourceTree = "<group>"; };
		EE3B94EA286DF19100D18FB3 /* CreateScreenshotSetCommand.swift */ = {isa = PBXFileReference; lastKnownFileType = sourcecode.swift; path = CreateScreenshotSetCommand.swift; sourceTree = "<group>"; };
		EE479DBA2870445100140E15 /* ModifyAppInfoLocalizationCommand.swift */ = {isa = PBXFileReference; fileEncoding = 4; lastKnownFileType = sourcecode.swift; path = ModifyAppInfoLocalizationCommand.swift; sourceTree = "<group>"; };
		EE479DBC2870458400140E15 /* ModifyAppStoreVersionLocalizationCommand.swift */ = {isa = PBXFileReference; fileEncoding = 4; lastKnownFileType = sourcecode.swift; path = ModifyAppStoreVersionLocalizationCommand.swift; sourceTree = "<group>"; };
		EE479DC428707F2200140E15 /* UsageExamples.swift */ = {isa = PBXFileReference; lastKnownFileType = sourcecode.swift; path = UsageExamples.swift; sourceTree = "<group>"; };
		EE479DC628707F9B00140E15 /* CoreEntity.swift */ = {isa = PBXFileReference; lastKnownFileType = sourcecode.swift; path = CoreEntity.swift; sourceTree = "<group>"; };
		EE479DC82870865A00140E15 /* DeleteAppScreenshotsCommand.swift */ = {isa = PBXFileReference; fileEncoding = 4; lastKnownFileType = sourcecode.swift; path = DeleteAppScreenshotsCommand.swift; sourceTree = "<group>"; };
		EE984726286F00EB005B2F38 /* GetScreenshotCommand.swift */ = {isa = PBXFileReference; lastKnownFileType = sourcecode.swift; path = GetScreenshotCommand.swift; sourceTree = "<group>"; };
		EE984728286F0109005B2F38 /* GetScreenshotSetsCommand.swift */ = {isa = PBXFileReference; lastKnownFileType = sourcecode.swift; path = GetScreenshotSetsCommand.swift; sourceTree = "<group>"; };
		EE98472A286F0131005B2F38 /* DeleteScreenshotSetCommand.swift */ = {isa = PBXFileReference; lastKnownFileType = sourcecode.swift; path = DeleteScreenshotSetCommand.swift; sourceTree = "<group>"; };
		EE98472D286F0171005B2F38 /* CommitAssetUploadCommand.swift */ = {isa = PBXFileReference; lastKnownFileType = sourcecode.swift; path = CommitAssetUploadCommand.swift; sourceTree = "<group>"; };
		EE98472F286F018D005B2F38 /* RequestUploadCommand.swift */ = {isa = PBXFileReference; lastKnownFileType = sourcecode.swift; path = RequestUploadCommand.swift; sourceTree = "<group>"; };
		EE984731286F01DE005B2F38 /* GetAppStoreVersionsCommand.swift */ = {isa = PBXFileReference; lastKnownFileType = sourcecode.swift; path = GetAppStoreVersionsCommand.swift; sourceTree = "<group>"; };
		EE984733286F01F4005B2F38 /* CreateAppStoreVersionLocalizationCommand.swift */ = {isa = PBXFileReference; lastKnownFileType = sourcecode.swift; path = CreateAppStoreVersionLocalizationCommand.swift; sourceTree = "<group>"; };
		EE984735286F0211005B2F38 /* GetAppStoreVersionLocalizationsCommand.swift */ = {isa = PBXFileReference; lastKnownFileType = sourcecode.swift; path = GetAppStoreVersionLocalizationsCommand.swift; sourceTree = "<group>"; };
		EE984737286F022A005B2F38 /* GetAppStoreVersionLocalizationCommand.swift */ = {isa = PBXFileReference; lastKnownFileType = sourcecode.swift; path = GetAppStoreVersionLocalizationCommand.swift; sourceTree = "<group>"; };
		EE984739286F0249005B2F38 /* DeleteAppStoreVersionLocalizationCommand.swift */ = {isa = PBXFileReference; lastKnownFileType = sourcecode.swift; path = DeleteAppStoreVersionLocalizationCommand.swift; sourceTree = "<group>"; };
		EE98473C286F0351005B2F38 /* HTTPHandler.swift */ = {isa = PBXFileReference; lastKnownFileType = sourcecode.swift; path = HTTPHandler.swift; sourceTree = "<group>"; };
		EE98473E286F0E97005B2F38 /* Configuration.swift */ = {isa = PBXFileReference; lastKnownFileType = sourcecode.swift; path = Configuration.swift; sourceTree = "<group>"; };
/* End PBXFileReference section */

/* Begin PBXFrameworksBuildPhase section */
		0A4DDF7A286D750B002DFE51 /* Frameworks */ = {
			isa = PBXFrameworksBuildPhase;
			buildActionMask = 2147483647;
			files = (
				0E12456B7BEB3A882309B3D3 /* Pods_AppstoreAutomation.framework in Frameworks */,
			);
			runOnlyForDeploymentPostprocessing = 0;
		};
/* End PBXFrameworksBuildPhase section */

/* Begin PBXGroup section */
		0A4DDF74286D750B002DFE51 = {
			isa = PBXGroup;
			children = (
				0A4DDF7F286D750B002DFE51 /* AppstoreAutomation */,
				0A4DDF7E286D750B002DFE51 /* Products */,
				F800CE8FCCFAF5C33E9FE61A /* Pods */,
				8018A88FE11117C1A6158FE7 /* Frameworks */,
			);
			sourceTree = "<group>";
		};
		0A4DDF7E286D750B002DFE51 /* Products */ = {
			isa = PBXGroup;
			children = (
				0A4DDF7D286D750B002DFE51 /* AppstoreAutomation */,
			);
			name = Products;
			sourceTree = "<group>";
		};
		0A4DDF7F286D750B002DFE51 /* AppstoreAutomation */ = {
			isa = PBXGroup;
			children = (
				EE98473B286F0329005B2F38 /* Shared */,
				EEFBFFD92870D02900767B88 /* AppstoreConnectCommands */,
				EEFBFFDA2870D05700767B88 /* Facades */,
				0A4DDF80286D750B002DFE51 /* main.swift */,
				EE3B94E8286DE3B300D18FB3 /* APITree.jpg */,
				EE98473E286F0E97005B2F38 /* Configuration.swift */,
				EE479DC428707F2200140E15 /* UsageExamples.swift */,
			);
			path = AppstoreAutomation;
			sourceTree = "<group>";
		};
		0A9A8F2A2873004D0037ACA6 /* ScreenshotUploader */ = {
			isa = PBXGroup;
			children = (
				0A9A8F2B287300690037ACA6 /* ScreenshotUploader2.swift */,
				0A9A8F2D2873008B0037ACA6 /* RequestUploadState.swift */,
				0A9A8F2F287300B70037ACA6 /* CommitUploadState.swift */,
				0A9A8F31287300D40037ACA6 /* DataUploadState.swift */,
				0A9A8F33287301CE0037ACA6 /* CancelUploadState.swift */,
				0A9A8F35287301F00037ACA6 /* VerifyUploadState.swift */,
			);
			path = ScreenshotUploader;
			sourceTree = "<group>";
		};
		8018A88FE11117C1A6158FE7 /* Frameworks */ = {
			isa = PBXGroup;
			children = (
				C6447448C496CEDC4C61DFEC /* Pods_AppstoreAutomation.framework */,
			);
			name = Frameworks;
			sourceTree = "<group>";
		};
		EE3B94E9286DF17400D18FB3 /* Screenshots */ = {
			isa = PBXGroup;
			children = (
				EE98472F286F018D005B2F38 /* RequestUploadCommand.swift */,
				EE98472D286F0171005B2F38 /* CommitAssetUploadCommand.swift */,
				EE3B94EA286DF19100D18FB3 /* CreateScreenshotSetCommand.swift */,
				EE984726286F00EB005B2F38 /* GetScreenshotCommand.swift */,
				EE984728286F0109005B2F38 /* GetScreenshotSetsCommand.swift */,
				EE98472A286F0131005B2F38 /* DeleteScreenshotSetCommand.swift */,
				EE479DC82870865A00140E15 /* DeleteAppScreenshotsCommand.swift */,
				0A9A8F282872E2E80037ACA6 /* DataUploadCommand.swift */,
			);
			path = Screenshots;
			sourceTree = "<group>";
		};
		EE3B94EC286DFD6B00D18FB3 /* AppStoreVersion */ = {
			isa = PBXGroup;
			children = (
				EE984733286F01F4005B2F38 /* CreateAppStoreVersionLocalizationCommand.swift */,
				EE479DBC2870458400140E15 /* ModifyAppStoreVersionLocalizationCommand.swift */,
				EE984735286F0211005B2F38 /* GetAppStoreVersionLocalizationsCommand.swift */,
				EE984737286F022A005B2F38 /* GetAppStoreVersionLocalizationCommand.swift */,
				EE984739286F0249005B2F38 /* DeleteAppStoreVersionLocalizationCommand.swift */,
			);
			path = AppStoreVersion;
			sourceTree = "<group>";
		};
		EE98473B286F0329005B2F38 /* Shared */ = {
			isa = PBXGroup;
			children = (
				0A4DDF8B286DB4F2002DFE51 /* AppStoreVersions.swift */,
				0A4DDF89286D9A0F002DFE51 /* AuthTokenGenerator.swift */,
				EE98473C286F0351005B2F38 /* HTTPHandler.swift */,
				EE479DC628707F9B00140E15 /* CoreEntity.swift */,
				0AA28FC82872D6F1009BB33F /* CommandRequestFactory.swift */,
			);
			path = Shared;
			sourceTree = "<group>";
		};
		EEFBFFD82870CF3500767B88 /* AppInfoLocalization */ = {
			isa = PBXGroup;
			children = (
				EE1F599A286FFAA400EB8BEE /* CreateAppInfoLocalizationCommand.swift */,
				EE479DBA2870445100140E15 /* ModifyAppInfoLocalizationCommand.swift */,
				EE1F599E28701FBA00EB8BEE /* GetAppInfoLocalizationsCommand.swift */,
			);
			path = AppInfoLocalization;
			sourceTree = "<group>";
		};
		EEFBFFD92870D02900767B88 /* AppstoreConnectCommands */ = {
			isa = PBXGroup;
			children = (
				EEFBFFD82870CF3500767B88 /* AppInfoLocalization */,
				EE1F599C2870087E00EB8BEE /* GetAppInfoCommand.swift */,
				EE984731286F01DE005B2F38 /* GetAppStoreVersionsCommand.swift */,
				EE3B94EC286DFD6B00D18FB3 /* AppStoreVersion */,
				EE3B94E9286DF17400D18FB3 /* Screenshots */,
			);
			path = AppstoreConnectCommands;
			sourceTree = "<group>";
		};
		EEFBFFDA2870D05700767B88 /* Facades */ = {
			isa = PBXGroup;
			children = (
				0A9A8F2A2873004D0037ACA6 /* ScreenshotUploader */,
				0A4DDF87286D7A23002DFE51 /* ScreenshotUploader.swift */,
				EE1F59A0287020FA00EB8BEE /* AppstoreConnectFacade.swift */,
			);
			path = Facades;
			sourceTree = "<group>";
		};
		F800CE8FCCFAF5C33E9FE61A /* Pods */ = {
			isa = PBXGroup;
			children = (
				812981D411EC7CB8F5A364F1 /* Pods-AppstoreAutomation.debug.xcconfig */,
				6FC70EAD366CF3647946AD1D /* Pods-AppstoreAutomation.release.xcconfig */,
			);
			name = Pods;
			path = ../Pods;
			sourceTree = "<group>";
		};
/* End PBXGroup section */

/* Begin PBXNativeTarget section */
		0A4DDF7C286D750B002DFE51 /* AppstoreAutomation */ = {
			isa = PBXNativeTarget;
			buildConfigurationList = 0A4DDF84286D750B002DFE51 /* Build configuration list for PBXNativeTarget "AppstoreAutomation" */;
			buildPhases = (
				80E007B15EEAFB8C400CFBAD /* [CP] Check Pods Manifest.lock */,
				0A4DDF79286D750B002DFE51 /* Sources */,
				0A4DDF7A286D750B002DFE51 /* Frameworks */,
				0A4DDF7B286D750B002DFE51 /* CopyFiles */,
			);
			buildRules = (
			);
			dependencies = (
			);
			name = AppstoreAutomation;
			productName = AppstoreAutomation;
			productReference = 0A4DDF7D286D750B002DFE51 /* AppstoreAutomation */;
			productType = "com.apple.product-type.tool";
		};
/* End PBXNativeTarget section */

/* Begin PBXProject section */
		0A4DDF75286D750B002DFE51 /* Project object */ = {
			isa = PBXProject;
			attributes = {
				BuildIndependentTargetsInParallel = 1;
				LastSwiftUpdateCheck = 1340;
				LastUpgradeCheck = 1400;
				TargetAttributes = {
					0A4DDF7C286D750B002DFE51 = {
						CreatedOnToolsVersion = 13.4.1;
					};
				};
			};
			buildConfigurationList = 0A4DDF78286D750B002DFE51 /* Build configuration list for PBXProject "AppstoreAutomation" */;
			compatibilityVersion = "Xcode 13.0";
			developmentRegion = en;
			hasScannedForEncodings = 0;
			knownRegions = (
				en,
				Base,
			);
			mainGroup = 0A4DDF74286D750B002DFE51;
			productRefGroup = 0A4DDF7E286D750B002DFE51 /* Products */;
			projectDirPath = "";
			projectRoot = "";
			targets = (
				0A4DDF7C286D750B002DFE51 /* AppstoreAutomation */,
			);
		};
/* End PBXProject section */

/* Begin PBXShellScriptBuildPhase section */
		80E007B15EEAFB8C400CFBAD /* [CP] Check Pods Manifest.lock */ = {
			isa = PBXShellScriptBuildPhase;
			buildActionMask = 2147483647;
			files = (
			);
			inputFileListPaths = (
			);
			inputPaths = (
				"${PODS_PODFILE_DIR_PATH}/Podfile.lock",
				"${PODS_ROOT}/Manifest.lock",
			);
			name = "[CP] Check Pods Manifest.lock";
			outputFileListPaths = (
			);
			outputPaths = (
				"$(DERIVED_FILE_DIR)/Pods-AppstoreAutomation-checkManifestLockResult.txt",
			);
			runOnlyForDeploymentPostprocessing = 0;
			shellPath = /bin/sh;
			shellScript = "diff \"${PODS_PODFILE_DIR_PATH}/Podfile.lock\" \"${PODS_ROOT}/Manifest.lock\" > /dev/null\nif [ $? != 0 ] ; then\n    # print error to STDERR\n    echo \"error: The sandbox is not in sync with the Podfile.lock. Run 'pod install' or update your CocoaPods installation.\" >&2\n    exit 1\nfi\n# This output is used by Xcode 'outputs' to avoid re-running this script phase.\necho \"SUCCESS\" > \"${SCRIPT_OUTPUT_FILE_0}\"\n";
			showEnvVarsInLog = 0;
		};
/* End PBXShellScriptBuildPhase section */

/* Begin PBXSourcesBuildPhase section */
		0A4DDF79286D750B002DFE51 /* Sources */ = {
			isa = PBXSourcesBuildPhase;
			buildActionMask = 2147483647;
			files = (
				0A4DDF8C286DB4F2002DFE51 /* AppStoreVersions.swift in Sources */,
				0A9A8F36287301F00037ACA6 /* VerifyUploadState.swift in Sources */,
				0A9A8F34287301CE0037ACA6 /* CancelUploadState.swift in Sources */,
				EE3B94EB286DF19100D18FB3 /* CreateScreenshotSetCommand.swift in Sources */,
				EE984730286F018D005B2F38 /* RequestUploadCommand.swift in Sources */,
				0A9A8F30287300B70037ACA6 /* CommitUploadState.swift in Sources */,
				0AA28FC92872D6F1009BB33F /* CommandRequestFactory.swift in Sources */,
				0A4DDF81286D750B002DFE51 /* main.swift in Sources */,
				EE479DC728707F9B00140E15 /* CoreEntity.swift in Sources */,
				EE1F599B286FFAA400EB8BEE /* CreateAppInfoLocalizationCommand.swift in Sources */,
				EE479DBD2870458400140E15 /* ModifyAppStoreVersionLocalizationCommand.swift in Sources */,
				0A9A8F292872E2E80037ACA6 /* DataUploadCommand.swift in Sources */,
				EE1F599D2870087E00EB8BEE /* GetAppInfoCommand.swift in Sources */,
				EE479DC92870865A00140E15 /* DeleteAppScreenshotsCommand.swift in Sources */,
				EE1F59A1287020FA00EB8BEE /* AppstoreConnectFacade.swift in Sources */,
				EE984732286F01DE005B2F38 /* GetAppStoreVersionsCommand.swift in Sources */,
				EE98473A286F0249005B2F38 /* DeleteAppStoreVersionLocalizationCommand.swift in Sources */,
				EE479DC528707F2200140E15 /* UsageExamples.swift in Sources */,
				0A9A8F32287300D40037ACA6 /* DataUploadState.swift in Sources */,
				0A9A8F2C287300690037ACA6 /* ScreenshotUploader2.swift in Sources */,
				0A4DDF88286D7A23002DFE51 /* ScreenshotUploader.swift in Sources */,
				EE479DBB2870445100140E15 /* ModifyAppInfoLocalizationCommand.swift in Sources */,
				EE984727286F00EB005B2F38 /* GetScreenshotCommand.swift in Sources */,
				EE984738286F022A005B2F38 /* GetAppStoreVersionLocalizationCommand.swift in Sources */,
				EE1F599F28701FBA00EB8BEE /* GetAppInfoLocalizationsCommand.swift in Sources */,
				EE984729286F0109005B2F38 /* GetScreenshotSetsCommand.swift in Sources */,
				EE98473F286F0E97005B2F38 /* Configuration.swift in Sources */,
				EE98473D286F0351005B2F38 /* HTTPHandler.swift in Sources */,
				0A9A8F2E2873008B0037ACA6 /* RequestUploadState.swift in Sources */,
				EE98472E286F0171005B2F38 /* CommitAssetUploadCommand.swift in Sources */,
				EE98472B286F0131005B2F38 /* DeleteScreenshotSetCommand.swift in Sources */,
				EE984736286F0211005B2F38 /* GetAppStoreVersionLocalizationsCommand.swift in Sources */,
				0A4DDF8A286D9A0F002DFE51 /* AuthTokenGenerator.swift in Sources */,
				EE984734286F01F4005B2F38 /* CreateAppStoreVersionLocalizationCommand.swift in Sources */,
			);
			runOnlyForDeploymentPostprocessing = 0;
		};
/* End PBXSourcesBuildPhase section */

/* Begin XCBuildConfiguration section */
		0A4DDF82286D750B002DFE51 /* Debug */ = {
			isa = XCBuildConfiguration;
			buildSettings = {
				ALWAYS_SEARCH_USER_PATHS = NO;
				CLANG_ANALYZER_NONNULL = YES;
				CLANG_ANALYZER_NUMBER_OBJECT_CONVERSION = YES_AGGRESSIVE;
				CLANG_CXX_LANGUAGE_STANDARD = "gnu++17";
				CLANG_ENABLE_MODULES = YES;
				CLANG_ENABLE_OBJC_ARC = YES;
				CLANG_ENABLE_OBJC_WEAK = YES;
				CLANG_WARN_BLOCK_CAPTURE_AUTORELEASING = YES;
				CLANG_WARN_BOOL_CONVERSION = YES;
				CLANG_WARN_COMMA = YES;
				CLANG_WARN_CONSTANT_CONVERSION = YES;
				CLANG_WARN_DEPRECATED_OBJC_IMPLEMENTATIONS = YES;
				CLANG_WARN_DIRECT_OBJC_ISA_USAGE = YES_ERROR;
				CLANG_WARN_DOCUMENTATION_COMMENTS = YES;
				CLANG_WARN_EMPTY_BODY = YES;
				CLANG_WARN_ENUM_CONVERSION = YES;
				CLANG_WARN_INFINITE_RECURSION = YES;
				CLANG_WARN_INT_CONVERSION = YES;
				CLANG_WARN_NON_LITERAL_NULL_CONVERSION = YES;
				CLANG_WARN_OBJC_IMPLICIT_RETAIN_SELF = YES;
				CLANG_WARN_OBJC_LITERAL_CONVERSION = YES;
				CLANG_WARN_OBJC_ROOT_CLASS = YES_ERROR;
				CLANG_WARN_QUOTED_INCLUDE_IN_FRAMEWORK_HEADER = YES;
				CLANG_WARN_RANGE_LOOP_ANALYSIS = YES;
				CLANG_WARN_STRICT_PROTOTYPES = YES;
				CLANG_WARN_SUSPICIOUS_MOVE = YES;
				CLANG_WARN_UNGUARDED_AVAILABILITY = YES_AGGRESSIVE;
				CLANG_WARN_UNREACHABLE_CODE = YES;
				CLANG_WARN__DUPLICATE_METHOD_MATCH = YES;
				COPY_PHASE_STRIP = NO;
				DEAD_CODE_STRIPPING = YES;
				DEBUG_INFORMATION_FORMAT = dwarf;
				ENABLE_STRICT_OBJC_MSGSEND = YES;
				ENABLE_TESTABILITY = YES;
				GCC_C_LANGUAGE_STANDARD = gnu11;
				GCC_DYNAMIC_NO_PIC = NO;
				GCC_NO_COMMON_BLOCKS = YES;
				GCC_OPTIMIZATION_LEVEL = 0;
				GCC_PREPROCESSOR_DEFINITIONS = (
					"DEBUG=1",
					"$(inherited)",
				);
				GCC_WARN_64_TO_32_BIT_CONVERSION = YES;
				GCC_WARN_ABOUT_RETURN_TYPE = YES_ERROR;
				GCC_WARN_UNDECLARED_SELECTOR = YES;
				GCC_WARN_UNINITIALIZED_AUTOS = YES_AGGRESSIVE;
				GCC_WARN_UNUSED_FUNCTION = YES;
				GCC_WARN_UNUSED_VARIABLE = YES;
				MACOSX_DEPLOYMENT_TARGET = 12.3;
				MTL_ENABLE_DEBUG_INFO = INCLUDE_SOURCE;
				MTL_FAST_MATH = YES;
				ONLY_ACTIVE_ARCH = YES;
				SDKROOT = macosx;
				SWIFT_ACTIVE_COMPILATION_CONDITIONS = DEBUG;
				SWIFT_OPTIMIZATION_LEVEL = "-Onone";
			};
			name = Debug;
		};
		0A4DDF83286D750B002DFE51 /* Release */ = {
			isa = XCBuildConfiguration;
			buildSettings = {
				ALWAYS_SEARCH_USER_PATHS = NO;
				CLANG_ANALYZER_NONNULL = YES;
				CLANG_ANALYZER_NUMBER_OBJECT_CONVERSION = YES_AGGRESSIVE;
				CLANG_CXX_LANGUAGE_STANDARD = "gnu++17";
				CLANG_ENABLE_MODULES = YES;
				CLANG_ENABLE_OBJC_ARC = YES;
				CLANG_ENABLE_OBJC_WEAK = YES;
				CLANG_WARN_BLOCK_CAPTURE_AUTORELEASING = YES;
				CLANG_WARN_BOOL_CONVERSION = YES;
				CLANG_WARN_COMMA = YES;
				CLANG_WARN_CONSTANT_CONVERSION = YES;
				CLANG_WARN_DEPRECATED_OBJC_IMPLEMENTATIONS = YES;
				CLANG_WARN_DIRECT_OBJC_ISA_USAGE = YES_ERROR;
				CLANG_WARN_DOCUMENTATION_COMMENTS = YES;
				CLANG_WARN_EMPTY_BODY = YES;
				CLANG_WARN_ENUM_CONVERSION = YES;
				CLANG_WARN_INFINITE_RECURSION = YES;
				CLANG_WARN_INT_CONVERSION = YES;
				CLANG_WARN_NON_LITERAL_NULL_CONVERSION = YES;
				CLANG_WARN_OBJC_IMPLICIT_RETAIN_SELF = YES;
				CLANG_WARN_OBJC_LITERAL_CONVERSION = YES;
				CLANG_WARN_OBJC_ROOT_CLASS = YES_ERROR;
				CLANG_WARN_QUOTED_INCLUDE_IN_FRAMEWORK_HEADER = YES;
				CLANG_WARN_RANGE_LOOP_ANALYSIS = YES;
				CLANG_WARN_STRICT_PROTOTYPES = YES;
				CLANG_WARN_SUSPICIOUS_MOVE = YES;
				CLANG_WARN_UNGUARDED_AVAILABILITY = YES_AGGRESSIVE;
				CLANG_WARN_UNREACHABLE_CODE = YES;
				CLANG_WARN__DUPLICATE_METHOD_MATCH = YES;
				COPY_PHASE_STRIP = NO;
				DEAD_CODE_STRIPPING = YES;
				DEBUG_INFORMATION_FORMAT = "dwarf-with-dsym";
				ENABLE_NS_ASSERTIONS = NO;
				ENABLE_STRICT_OBJC_MSGSEND = YES;
				GCC_C_LANGUAGE_STANDARD = gnu11;
				GCC_NO_COMMON_BLOCKS = YES;
				GCC_WARN_64_TO_32_BIT_CONVERSION = YES;
				GCC_WARN_ABOUT_RETURN_TYPE = YES_ERROR;
				GCC_WARN_UNDECLARED_SELECTOR = YES;
				GCC_WARN_UNINITIALIZED_AUTOS = YES_AGGRESSIVE;
				GCC_WARN_UNUSED_FUNCTION = YES;
				GCC_WARN_UNUSED_VARIABLE = YES;
				MACOSX_DEPLOYMENT_TARGET = 12.3;
				MTL_ENABLE_DEBUG_INFO = NO;
				MTL_FAST_MATH = YES;
				SDKROOT = macosx;
				SWIFT_COMPILATION_MODE = wholemodule;
				SWIFT_OPTIMIZATION_LEVEL = "-O";
			};
			name = Release;
		};
		0A4DDF85286D750B002DFE51 /* Debug */ = {
			isa = XCBuildConfiguration;
			baseConfigurationReference = 812981D411EC7CB8F5A364F1 /* Pods-AppstoreAutomation.debug.xcconfig */;
			buildSettings = {
				ALWAYS_EMBED_SWIFT_STANDARD_LIBRARIES = NO;
				CODE_SIGN_IDENTITY = "-";
				CODE_SIGN_STYLE = Automatic;
				DEAD_CODE_STRIPPING = YES;
				PRODUCT_NAME = "$(TARGET_NAME)";
				SWIFT_VERSION = 5.0;
			};
			name = Debug;
		};
		0A4DDF86286D750B002DFE51 /* Release */ = {
			isa = XCBuildConfiguration;
			baseConfigurationReference = 6FC70EAD366CF3647946AD1D /* Pods-AppstoreAutomation.release.xcconfig */;
			buildSettings = {
				ALWAYS_EMBED_SWIFT_STANDARD_LIBRARIES = NO;
				CODE_SIGN_IDENTITY = "-";
				CODE_SIGN_STYLE = Automatic;
				DEAD_CODE_STRIPPING = YES;
				PRODUCT_NAME = "$(TARGET_NAME)";
				SWIFT_VERSION = 5.0;
			};
			name = Release;
		};
/* End XCBuildConfiguration section */

/* Begin XCConfigurationList section */
		0A4DDF78286D750B002DFE51 /* Build configuration list for PBXProject "AppstoreAutomation" */ = {
			isa = XCConfigurationList;
			buildConfigurations = (
				0A4DDF82286D750B002DFE51 /* Debug */,
				0A4DDF83286D750B002DFE51 /* Release */,
			);
			defaultConfigurationIsVisible = 0;
			defaultConfigurationName = Release;
		};
		0A4DDF84286D750B002DFE51 /* Build configuration list for PBXNativeTarget "AppstoreAutomation" */ = {
			isa = XCConfigurationList;
			buildConfigurations = (
				0A4DDF85286D750B002DFE51 /* Debug */,
				0A4DDF86286D750B002DFE51 /* Release */,
			);
			defaultConfigurationIsVisible = 0;
			defaultConfigurationName = Release;
		};
/* End XCConfigurationList section */
	};
	rootObject = 0A4DDF75286D750B002DFE51 /* Project object */;
}
