// !$*UTF8*$!
{
	archiveVersion = 1;
	classes = {
	};
	objectVersion = 55;
	objects = {

/* Begin PBXBuildFile section */
		0A5A7BAD28605F9A00CEBDDE /* QuranJsonFacade.swift in Sources */ = {isa = PBXBuildFile; fileRef = 0A5A7BAB28605F9A00CEBDDE /* QuranJsonFacade.swift */; };
		0A5A7BAE28605F9A00CEBDDE /* QuranJSONParser.swift in Sources */ = {isa = PBXBuildFile; fileRef = 0A5A7BAC28605F9A00CEBDDE /* QuranJSONParser.swift */; };
		0A6F62B2285751F900D244B1 /* Quran.swift in Sources */ = {isa = PBXBuildFile; fileRef = 0A6F62B1285751F900D244B1 /* Quran.swift */; };
		0A7562ED28574FFF00ECD0AB /* main.swift in Sources */ = {isa = PBXBuildFile; fileRef = 0A7562EC28574FFF00ECD0AB /* main.swift */; };
		0AB95B3B285F1E2800A23803 /* SurahInfoDO+CoreDataProperties.swift in Sources */ = {isa = PBXBuildFile; fileRef = 0AB95B33285F1E2800A23803 /* SurahInfoDO+CoreDataProperties.swift */; };
		0AB95B3C285F1E2800A23803 /* WordDO+CoreDataProperties.swift in Sources */ = {isa = PBXBuildFile; fileRef = 0AB95B34285F1E2800A23803 /* WordDO+CoreDataProperties.swift */; };
		0AB95B3D285F1E2800A23803 /* SurahNameDO+CoreDataProperties.swift in Sources */ = {isa = PBXBuildFile; fileRef = 0AB95B35285F1E2800A23803 /* SurahNameDO+CoreDataProperties.swift */; };
		0AB95B3E285F1E2800A23803 /* AyahDO+CoreDataProperties.swift in Sources */ = {isa = PBXBuildFile; fileRef = 0AB95B36285F1E2800A23803 /* AyahDO+CoreDataProperties.swift */; };
		0AB95B3F285F1E2800A23803 /* SurahNameDO+CoreDataClass.swift in Sources */ = {isa = PBXBuildFile; fileRef = 0AB95B37285F1E2800A23803 /* SurahNameDO+CoreDataClass.swift */; };
		0AB95B40285F1E2800A23803 /* AyahDO+CoreDataClass.swift in Sources */ = {isa = PBXBuildFile; fileRef = 0AB95B38285F1E2800A23803 /* AyahDO+CoreDataClass.swift */; };
		0AB95B41285F1E2800A23803 /* WordDO+CoreDataClass.swift in Sources */ = {isa = PBXBuildFile; fileRef = 0AB95B39285F1E2800A23803 /* WordDO+CoreDataClass.swift */; };
		0AB95B42285F1E2800A23803 /* SurahInfoDO+CoreDataClass.swift in Sources */ = {isa = PBXBuildFile; fileRef = 0AB95B3A285F1E2800A23803 /* SurahInfoDO+CoreDataClass.swift */; };
		EEC3255C28590C1C002D0393 /* QuranDM.xcdatamodeld in Sources */ = {isa = PBXBuildFile; fileRef = EEC3255828590C1C002D0393 /* QuranDM.xcdatamodeld */; };
		EEC3257928590D94002D0393 /* SurahDO+.swift in Sources */ = {isa = PBXBuildFile; fileRef = EEC3257528590D94002D0393 /* SurahDO+.swift */; };
		EEC3257A28590D94002D0393 /* CoreDataStack.swift in Sources */ = {isa = PBXBuildFile; fileRef = EEC3257628590D94002D0393 /* CoreDataStack.swift */; };
		EEC3257B28590D94002D0393 /* CoreDataFacade.swift in Sources */ = {isa = PBXBuildFile; fileRef = EEC3257728590D94002D0393 /* CoreDataFacade.swift */; };
		EEC3257C28590D94002D0393 /* DataWriteFacade.swift in Sources */ = {isa = PBXBuildFile; fileRef = EEC3257828590D94002D0393 /* DataWriteFacade.swift */; };
/* End PBXBuildFile section */

/* Begin PBXCopyFilesBuildPhase section */
		0A7562E728574FFF00ECD0AB /* CopyFiles */ = {
			isa = PBXCopyFilesBuildPhase;
			buildActionMask = 2147483647;
			dstPath = /usr/share/man/man1/;
			dstSubfolderSpec = 0;
			files = (
			);
			runOnlyForDeploymentPostprocessing = 1;
		};
/* End PBXCopyFilesBuildPhase section */

/* Begin PBXFileReference section */
		0A5A7BAB28605F9A00CEBDDE /* QuranJsonFacade.swift */ = {isa = PBXFileReference; fileEncoding = 4; lastKnownFileType = sourcecode.swift; name = QuranJsonFacade.swift; path = ../../../QuranAndSunnah/QuranAndSunnah/Shared/Repository/Quran/QuranJsonFacade.swift; sourceTree = "<group>"; };
		0A5A7BAC28605F9A00CEBDDE /* QuranJSONParser.swift */ = {isa = PBXFileReference; fileEncoding = 4; lastKnownFileType = sourcecode.swift; name = QuranJSONParser.swift; path = ../../../QuranAndSunnah/QuranAndSunnah/Shared/Repository/Quran/QuranJSONParser.swift; sourceTree = "<group>"; };
		0A6F62B1285751F900D244B1 /* Quran.swift */ = {isa = PBXFileReference; fileEncoding = 4; lastKnownFileType = sourcecode.swift; name = Quran.swift; path = ../../QuranAndSunnah/QuranAndSunnah/Quran/Quran.swift; sourceTree = "<group>"; };
		0A7562E928574FFF00ECD0AB /* SQLiteConverter */ = {isa = PBXFileReference; explicitFileType = "compiled.mach-o.executable"; includeInIndex = 0; path = SQLiteConverter; sourceTree = BUILT_PRODUCTS_DIR; };
		0A7562EC28574FFF00ECD0AB /* main.swift */ = {isa = PBXFileReference; lastKnownFileType = sourcecode.swift; path = main.swift; sourceTree = "<group>"; };
		0AB95B33285F1E2800A23803 /* SurahInfoDO+CoreDataProperties.swift */ = {isa = PBXFileReference; fileEncoding = 4; lastKnownFileType = sourcecode.swift; name = "SurahInfoDO+CoreDataProperties.swift"; path = "../../QuranAndSunnah/QuranAndSunnah/Shared/CoreData/CoreDataEntity/SurahInfoDO+CoreDataProperties.swift"; sourceTree = "<group>"; };
		0AB95B34285F1E2800A23803 /* WordDO+CoreDataProperties.swift */ = {isa = PBXFileReference; fileEncoding = 4; lastKnownFileType = sourcecode.swift; name = "WordDO+CoreDataProperties.swift"; path = "../../QuranAndSunnah/QuranAndSunnah/Shared/CoreData/CoreDataEntity/WordDO+CoreDataProperties.swift"; sourceTree = "<group>"; };
		0AB95B35285F1E2800A23803 /* SurahNameDO+CoreDataProperties.swift */ = {isa = PBXFileReference; fileEncoding = 4; lastKnownFileType = sourcecode.swift; name = "SurahNameDO+CoreDataProperties.swift"; path = "../../QuranAndSunnah/QuranAndSunnah/Shared/CoreData/CoreDataEntity/SurahNameDO+CoreDataProperties.swift"; sourceTree = "<group>"; };
		0AB95B36285F1E2800A23803 /* AyahDO+CoreDataProperties.swift */ = {isa = PBXFileReference; fileEncoding = 4; lastKnownFileType = sourcecode.swift; name = "AyahDO+CoreDataProperties.swift"; path = "../../QuranAndSunnah/QuranAndSunnah/Shared/CoreData/CoreDataEntity/AyahDO+CoreDataProperties.swift"; sourceTree = "<group>"; };
		0AB95B37285F1E2800A23803 /* SurahNameDO+CoreDataClass.swift */ = {isa = PBXFileReference; fileEncoding = 4; lastKnownFileType = sourcecode.swift; name = "SurahNameDO+CoreDataClass.swift"; path = "../../QuranAndSunnah/QuranAndSunnah/Shared/CoreData/CoreDataEntity/SurahNameDO+CoreDataClass.swift"; sourceTree = "<group>"; };
		0AB95B38285F1E2800A23803 /* AyahDO+CoreDataClass.swift */ = {isa = PBXFileReference; fileEncoding = 4; lastKnownFileType = sourcecode.swift; name = "AyahDO+CoreDataClass.swift"; path = "../../QuranAndSunnah/QuranAndSunnah/Shared/CoreData/CoreDataEntity/AyahDO+CoreDataClass.swift"; sourceTree = "<group>"; };
		0AB95B39285F1E2800A23803 /* WordDO+CoreDataClass.swift */ = {isa = PBXFileReference; fileEncoding = 4; lastKnownFileType = sourcecode.swift; name = "WordDO+CoreDataClass.swift"; path = "../../QuranAndSunnah/QuranAndSunnah/Shared/CoreData/CoreDataEntity/WordDO+CoreDataClass.swift"; sourceTree = "<group>"; };
		0AB95B3A285F1E2800A23803 /* SurahInfoDO+CoreDataClass.swift */ = {isa = PBXFileReference; fileEncoding = 4; lastKnownFileType = sourcecode.swift; name = "SurahInfoDO+CoreDataClass.swift"; path = "../../QuranAndSunnah/QuranAndSunnah/Shared/CoreData/CoreDataEntity/SurahInfoDO+CoreDataClass.swift"; sourceTree = "<group>"; };
		EEC3255928590C1C002D0393 /* Model.xcdatamodel */ = {isa = PBXFileReference; lastKnownFileType = wrapper.xcdatamodel; path = Model.xcdatamodel; sourceTree = "<group>"; };
		EEC3257528590D94002D0393 /* SurahDO+.swift */ = {isa = PBXFileReference; fileEncoding = 4; lastKnownFileType = sourcecode.swift; name = "SurahDO+.swift"; path = "../../QuranAndSunnah/QuranAndSunnah/Shared/CoreData/CoreData Coordinator/SurahDO+.swift"; sourceTree = "<group>"; };
		EEC3257628590D94002D0393 /* CoreDataStack.swift */ = {isa = PBXFileReference; fileEncoding = 4; lastKnownFileType = sourcecode.swift; name = CoreDataStack.swift; path = "../../QuranAndSunnah/QuranAndSunnah/Shared/CoreData/CoreData Coordinator/CoreDataStack.swift"; sourceTree = "<group>"; };
		EEC3257728590D94002D0393 /* CoreDataFacade.swift */ = {isa = PBXFileReference; fileEncoding = 4; lastKnownFileType = sourcecode.swift; name = CoreDataFacade.swift; path = "../../QuranAndSunnah/QuranAndSunnah/Shared/CoreData/CoreData Coordinator/CoreDataFacade.swift"; sourceTree = "<group>"; };
		EEC3257828590D94002D0393 /* DataWriteFacade.swift */ = {isa = PBXFileReference; fileEncoding = 4; lastKnownFileType = sourcecode.swift; name = DataWriteFacade.swift; path = "../../QuranAndSunnah/QuranAndSunnah/Shared/CoreData/CoreData Coordinator/DataWriteFacade.swift"; sourceTree = "<group>"; };
/* End PBXFileReference section */

/* Begin PBXFrameworksBuildPhase section */
		0A7562E628574FFF00ECD0AB /* Frameworks */ = {
			isa = PBXFrameworksBuildPhase;
			buildActionMask = 2147483647;
			files = (
			);
			runOnlyForDeploymentPostprocessing = 0;
		};
/* End PBXFrameworksBuildPhase section */

/* Begin PBXGroup section */
		0A5A7BAA28605F6B00CEBDDE /* Quran */ = {
			isa = PBXGroup;
			children = (
				0A5A7BAB28605F9A00CEBDDE /* QuranJsonFacade.swift */,
				0A5A7BAC28605F9A00CEBDDE /* QuranJSONParser.swift */,
			);
			path = Quran;
			sourceTree = "<group>";
		};
		0A7562E028574FFF00ECD0AB = {
			isa = PBXGroup;
			children = (
				0A7562EB28574FFF00ECD0AB /* SQLiteConverter */,
				0A7562EA28574FFF00ECD0AB /* Products */,
			);
			sourceTree = "<group>";
		};
		0A7562EA28574FFF00ECD0AB /* Products */ = {
			isa = PBXGroup;
			children = (
				0A7562E928574FFF00ECD0AB /* SQLiteConverter */,
			);
			name = Products;
			sourceTree = "<group>";
		};
		0A7562EB28574FFF00ECD0AB /* SQLiteConverter */ = {
			isa = PBXGroup;
			children = (
				0A5A7BAA28605F6B00CEBDDE /* Quran */,
				EEC3257728590D94002D0393 /* CoreDataFacade.swift */,
				EEC3257628590D94002D0393 /* CoreDataStack.swift */,
				EEC3257828590D94002D0393 /* DataWriteFacade.swift */,
				EEC3257528590D94002D0393 /* SurahDO+.swift */,
				EEC3257D28590DB3002D0393 /* CoreDataEntity */,
				EEC3255828590C1C002D0393 /* QuranDM.xcdatamodeld */,
				0A6F62B1285751F900D244B1 /* Quran.swift */,
				0A7562EC28574FFF00ECD0AB /* main.swift */,
			);
			path = SQLiteConverter;
			sourceTree = "<group>";
		};
		EEC3257D28590DB3002D0393 /* CoreDataEntity */ = {
			isa = PBXGroup;
			children = (
				0AB95B38285F1E2800A23803 /* AyahDO+CoreDataClass.swift */,
				0AB95B36285F1E2800A23803 /* AyahDO+CoreDataProperties.swift */,
				0AB95B3A285F1E2800A23803 /* SurahInfoDO+CoreDataClass.swift */,
				0AB95B33285F1E2800A23803 /* SurahInfoDO+CoreDataProperties.swift */,
				0AB95B37285F1E2800A23803 /* SurahNameDO+CoreDataClass.swift */,
				0AB95B35285F1E2800A23803 /* SurahNameDO+CoreDataProperties.swift */,
				0AB95B39285F1E2800A23803 /* WordDO+CoreDataClass.swift */,
				0AB95B34285F1E2800A23803 /* WordDO+CoreDataProperties.swift */,
			);
			name = CoreDataEntity;
			sourceTree = "<group>";
		};
/* End PBXGroup section */

/* Begin PBXNativeTarget section */
		0A7562E828574FFF00ECD0AB /* SQLiteConverter */ = {
			isa = PBXNativeTarget;
			buildConfigurationList = 0A7562F028574FFF00ECD0AB /* Build configuration list for PBXNativeTarget "SQLiteConverter" */;
			buildPhases = (
				0A7562E528574FFF00ECD0AB /* Sources */,
				0A7562E628574FFF00ECD0AB /* Frameworks */,
				0A7562E728574FFF00ECD0AB /* CopyFiles */,
			);
			buildRules = (
			);
			dependencies = (
			);
			name = SQLiteConverter;
			productName = SqliteConverter;
			productReference = 0A7562E928574FFF00ECD0AB /* SQLiteConverter */;
			productType = "com.apple.product-type.tool";
		};
/* End PBXNativeTarget section */

/* Begin PBXProject section */
		0A7562E128574FFF00ECD0AB /* Project object */ = {
			isa = PBXProject;
			attributes = {
				BuildIndependentTargetsInParallel = 1;
				LastSwiftUpdateCheck = 1320;
				LastUpgradeCheck = 1400;
				TargetAttributes = {
					0A7562E828574FFF00ECD0AB = {
						CreatedOnToolsVersion = 13.2.1;
						LastSwiftMigration = 1340;
					};
				};
			};
			buildConfigurationList = 0A7562E428574FFF00ECD0AB /* Build configuration list for PBXProject "SQLiteConverter" */;
			compatibilityVersion = "Xcode 13.0";
			developmentRegion = en;
			hasScannedForEncodings = 0;
			knownRegions = (
				en,
				Base,
			);
			mainGroup = 0A7562E028574FFF00ECD0AB;
			productRefGroup = 0A7562EA28574FFF00ECD0AB /* Products */;
			projectDirPath = "";
			projectRoot = "";
			targets = (
				0A7562E828574FFF00ECD0AB /* SQLiteConverter */,
			);
		};
/* End PBXProject section */

/* Begin PBXSourcesBuildPhase section */
		0A7562E528574FFF00ECD0AB /* Sources */ = {
			isa = PBXSourcesBuildPhase;
			buildActionMask = 2147483647;
			files = (
				0A7562ED28574FFF00ECD0AB /* main.swift in Sources */,
				0AB95B42285F1E2800A23803 /* SurahInfoDO+CoreDataClass.swift in Sources */,
				EEC3257B28590D94002D0393 /* CoreDataFacade.swift in Sources */,
				EEC3257928590D94002D0393 /* SurahDO+.swift in Sources */,
				0A5A7BAD28605F9A00CEBDDE /* QuranJsonFacade.swift in Sources */,
				0AB95B3E285F1E2800A23803 /* AyahDO+CoreDataProperties.swift in Sources */,
				0AB95B40285F1E2800A23803 /* AyahDO+CoreDataClass.swift in Sources */,
				0AB95B3F285F1E2800A23803 /* SurahNameDO+CoreDataClass.swift in Sources */,
				0AB95B3B285F1E2800A23803 /* SurahInfoDO+CoreDataProperties.swift in Sources */,
				0AB95B41285F1E2800A23803 /* WordDO+CoreDataClass.swift in Sources */,
				0AB95B3D285F1E2800A23803 /* SurahNameDO+CoreDataProperties.swift in Sources */,
				EEC3257A28590D94002D0393 /* CoreDataStack.swift in Sources */,
				0AB95B3C285F1E2800A23803 /* WordDO+CoreDataProperties.swift in Sources */,
				0A5A7BAE28605F9A00CEBDDE /* QuranJSONParser.swift in Sources */,
				0A6F62B2285751F900D244B1 /* Quran.swift in Sources */,
				EEC3257C28590D94002D0393 /* DataWriteFacade.swift in Sources */,
				EEC3255C28590C1C002D0393 /* QuranDM.xcdatamodeld in Sources */,
			);
			runOnlyForDeploymentPostprocessing = 0;
		};
/* End PBXSourcesBuildPhase section */

/* Begin XCBuildConfiguration section */
		0A7562EE28574FFF00ECD0AB /* Debug */ = {
			isa = XCBuildConfiguration;
			buildSettings = {
				ALWAYS_SEARCH_USER_PATHS = NO;
				CLANG_ANALYZER_NONNULL = YES;
				CLANG_ANALYZER_NUMBER_OBJECT_CONVERSION = YES_AGGRESSIVE;
				CLANG_CXX_LANGUAGE_STANDARD = "gnu++17";
				CLANG_ENABLE_MODULES = YES;
				CLANG_ENABLE_OBJC_ARC = YES;
				CLANG_ENABLE_OBJC_WEAK = YES;
				CLANG_WARN_BLOCK_CAPTURE_AUTORELEASING = YES;
				CLANG_WARN_BOOL_CONVERSION = YES;
				CLANG_WARN_COMMA = YES;
				CLANG_WARN_CONSTANT_CONVERSION = YES;
				CLANG_WARN_DEPRECATED_OBJC_IMPLEMENTATIONS = YES;
				CLANG_WARN_DIRECT_OBJC_ISA_USAGE = YES_ERROR;
				CLANG_WARN_DOCUMENTATION_COMMENTS = YES;
				CLANG_WARN_EMPTY_BODY = YES;
				CLANG_WARN_ENUM_CONVERSION = YES;
				CLANG_WARN_INFINITE_RECURSION = YES;
				CLANG_WARN_INT_CONVERSION = YES;
				CLANG_WARN_NON_LITERAL_NULL_CONVERSION = YES;
				CLANG_WARN_OBJC_IMPLICIT_RETAIN_SELF = YES;
				CLANG_WARN_OBJC_LITERAL_CONVERSION = YES;
				CLANG_WARN_OBJC_ROOT_CLASS = YES_ERROR;
				CLANG_WARN_QUOTED_INCLUDE_IN_FRAMEWORK_HEADER = YES;
				CLANG_WARN_RANGE_LOOP_ANALYSIS = YES;
				CLANG_WARN_STRICT_PROTOTYPES = YES;
				CLANG_WARN_SUSPICIOUS_MOVE = YES;
				CLANG_WARN_UNGUARDED_AVAILABILITY = YES_AGGRESSIVE;
				CLANG_WARN_UNREACHABLE_CODE = YES;
				CLANG_WARN__DUPLICATE_METHOD_MATCH = YES;
				COPY_PHASE_STRIP = NO;
				DEAD_CODE_STRIPPING = YES;
				DEBUG_INFORMATION_FORMAT = dwarf;
				ENABLE_STRICT_OBJC_MSGSEND = YES;
				ENABLE_TESTABILITY = YES;
				GCC_C_LANGUAGE_STANDARD = gnu11;
				GCC_DYNAMIC_NO_PIC = NO;
				GCC_NO_COMMON_BLOCKS = YES;
				GCC_OPTIMIZATION_LEVEL = 0;
				GCC_PREPROCESSOR_DEFINITIONS = (
					"DEBUG=1",
					"$(inherited)",
				);
				GCC_WARN_64_TO_32_BIT_CONVERSION = YES;
				GCC_WARN_ABOUT_RETURN_TYPE = YES_ERROR;
				GCC_WARN_UNDECLARED_SELECTOR = YES;
				GCC_WARN_UNINITIALIZED_AUTOS = YES_AGGRESSIVE;
				GCC_WARN_UNUSED_FUNCTION = YES;
				GCC_WARN_UNUSED_VARIABLE = YES;
				MACOSX_DEPLOYMENT_TARGET = 12.1;
				MTL_ENABLE_DEBUG_INFO = INCLUDE_SOURCE;
				MTL_FAST_MATH = YES;
				ONLY_ACTIVE_ARCH = YES;
				SDKROOT = macosx;
				SWIFT_ACTIVE_COMPILATION_CONDITIONS = DEBUG;
				SWIFT_OPTIMIZATION_LEVEL = "-Onone";
			};
			name = Debug;
		};
		0A7562EF28574FFF00ECD0AB /* Release */ = {
			isa = XCBuildConfiguration;
			buildSettings = {
				ALWAYS_SEARCH_USER_PATHS = NO;
				CLANG_ANALYZER_NONNULL = YES;
				CLANG_ANALYZER_NUMBER_OBJECT_CONVERSION = YES_AGGRESSIVE;
				CLANG_CXX_LANGUAGE_STANDARD = "gnu++17";
				CLANG_ENABLE_MODULES = YES;
				CLANG_ENABLE_OBJC_ARC = YES;
				CLANG_ENABLE_OBJC_WEAK = YES;
				CLANG_WARN_BLOCK_CAPTURE_AUTORELEASING = YES;
				CLANG_WARN_BOOL_CONVERSION = YES;
				CLANG_WARN_COMMA = YES;
				CLANG_WARN_CONSTANT_CONVERSION = YES;
				CLANG_WARN_DEPRECATED_OBJC_IMPLEMENTATIONS = YES;
				CLANG_WARN_DIRECT_OBJC_ISA_USAGE = YES_ERROR;
				CLANG_WARN_DOCUMENTATION_COMMENTS = YES;
				CLANG_WARN_EMPTY_BODY = YES;
				CLANG_WARN_ENUM_CONVERSION = YES;
				CLANG_WARN_INFINITE_RECURSION = YES;
				CLANG_WARN_INT_CONVERSION = YES;
				CLANG_WARN_NON_LITERAL_NULL_CONVERSION = YES;
				CLANG_WARN_OBJC_IMPLICIT_RETAIN_SELF = YES;
				CLANG_WARN_OBJC_LITERAL_CONVERSION = YES;
				CLANG_WARN_OBJC_ROOT_CLASS = YES_ERROR;
				CLANG_WARN_QUOTED_INCLUDE_IN_FRAMEWORK_HEADER = YES;
				CLANG_WARN_RANGE_LOOP_ANALYSIS = YES;
				CLANG_WARN_STRICT_PROTOTYPES = YES;
				CLANG_WARN_SUSPICIOUS_MOVE = YES;
				CLANG_WARN_UNGUARDED_AVAILABILITY = YES_AGGRESSIVE;
				CLANG_WARN_UNREACHABLE_CODE = YES;
				CLANG_WARN__DUPLICATE_METHOD_MATCH = YES;
				COPY_PHASE_STRIP = NO;
				DEAD_CODE_STRIPPING = YES;
				DEBUG_INFORMATION_FORMAT = "dwarf-with-dsym";
				ENABLE_NS_ASSERTIONS = NO;
				ENABLE_STRICT_OBJC_MSGSEND = YES;
				GCC_C_LANGUAGE_STANDARD = gnu11;
				GCC_NO_COMMON_BLOCKS = YES;
				GCC_WARN_64_TO_32_BIT_CONVERSION = YES;
				GCC_WARN_ABOUT_RETURN_TYPE = YES_ERROR;
				GCC_WARN_UNDECLARED_SELECTOR = YES;
				GCC_WARN_UNINITIALIZED_AUTOS = YES_AGGRESSIVE;
				GCC_WARN_UNUSED_FUNCTION = YES;
				GCC_WARN_UNUSED_VARIABLE = YES;
				MACOSX_DEPLOYMENT_TARGET = 12.1;
				MTL_ENABLE_DEBUG_INFO = NO;
				MTL_FAST_MATH = YES;
				SDKROOT = macosx;
				SWIFT_COMPILATION_MODE = wholemodule;
				SWIFT_OPTIMIZATION_LEVEL = "-O";
			};
			name = Release;
		};
		0A7562F128574FFF00ECD0AB /* Debug */ = {
			isa = XCBuildConfiguration;
			buildSettings = {
				CLANG_ENABLE_MODULES = YES;
				CODE_SIGN_IDENTITY = "-";
				CODE_SIGN_STYLE = Automatic;
				DEAD_CODE_STRIPPING = YES;
				LD_RUNPATH_SEARCH_PATHS = (
					"$(inherited)",
					"@executable_path/../Frameworks",
					"@loader_path/../Frameworks",
				);
				MACOSX_DEPLOYMENT_TARGET = 12.0;
				PRODUCT_NAME = "$(TARGET_NAME)";
				SWIFT_INSTALL_OBJC_HEADER = YES;
				SWIFT_OBJC_BRIDGING_HEADER = "";
				SWIFT_OPTIMIZATION_LEVEL = "-Onone";
				SWIFT_PRECOMPILE_BRIDGING_HEADER = YES;
				SWIFT_VERSION = 5.0;
			};
			name = Debug;
		};
		0A7562F228574FFF00ECD0AB /* Release */ = {
			isa = XCBuildConfiguration;
			buildSettings = {
				CLANG_ENABLE_MODULES = YES;
				CODE_SIGN_IDENTITY = "-";
				CODE_SIGN_STYLE = Automatic;
				DEAD_CODE_STRIPPING = YES;
				LD_RUNPATH_SEARCH_PATHS = (
					"$(inherited)",
					"@executable_path/../Frameworks",
					"@loader_path/../Frameworks",
				);
				MACOSX_DEPLOYMENT_TARGET = 12.0;
				PRODUCT_NAME = "$(TARGET_NAME)";
				SWIFT_INSTALL_OBJC_HEADER = YES;
				SWIFT_OBJC_BRIDGING_HEADER = "";
				SWIFT_PRECOMPILE_BRIDGING_HEADER = YES;
				SWIFT_VERSION = 5.0;
			};
			name = Release;
		};
/* End XCBuildConfiguration section */

/* Begin XCConfigurationList section */
		0A7562E428574FFF00ECD0AB /* Build configuration list for PBXProject "SQLiteConverter" */ = {
			isa = XCConfigurationList;
			buildConfigurations = (
				0A7562EE28574FFF00ECD0AB /* Debug */,
				0A7562EF28574FFF00ECD0AB /* Release */,
			);
			defaultConfigurationIsVisible = 0;
			defaultConfigurationName = Release;
		};
		0A7562F028574FFF00ECD0AB /* Build configuration list for PBXNativeTarget "SQLiteConverter" */ = {
			isa = XCConfigurationList;
			buildConfigurations = (
				0A7562F128574FFF00ECD0AB /* Debug */,
				0A7562F228574FFF00ECD0AB /* Release */,
			);
			defaultConfigurationIsVisible = 0;
			defaultConfigurationName = Release;
		};
/* End XCConfigurationList section */

/* Begin XCVersionGroup section */
		EEC3255828590C1C002D0393 /* QuranDM.xcdatamodeld */ = {
			isa = XCVersionGroup;
			children = (
				EEC3255928590C1C002D0393 /* Model.xcdatamodel */,
			);
			currentVersion = EEC3255928590C1C002D0393 /* Model.xcdatamodel */;
			name = QuranDM.xcdatamodeld;
			path = ../../QuranAndSunnah/QuranAndSunnah/Shared/CoreData/QuranDM.xcdatamodeld;
			sourceTree = "<group>";
			versionGroupType = wrapper.xcdatamodel;
		};
/* End XCVersionGroup section */
	};
	rootObject = 0A7562E128574FFF00ECD0AB /* Project object */;
}
