// !$*UTF8*$!
{
	archiveVersion = 1;
	classes = {
	};
	objectVersion = 55;
	objects = {

/* Begin PBXBuildFile section */
		0A4010FD28589A0900B7992C /* AyahTranslationDO+CoreDataClass.swift in Sources */ = {isa = PBXBuildFile; fileRef = 0A4010F328589A0900B7992C /* AyahTranslationDO+CoreDataClass.swift */; };
		0A4010FE28589A0900B7992C /* AyahTranslationDO+CoreDataProperties.swift in Sources */ = {isa = PBXBuildFile; fileRef = 0A4010F428589A0900B7992C /* AyahTranslationDO+CoreDataProperties.swift */; };
		0A4010FF28589A0900B7992C /* SurahDO+CoreDataClass.swift in Sources */ = {isa = PBXBuildFile; fileRef = 0A4010F528589A0900B7992C /* SurahDO+CoreDataClass.swift */; };
		0A40110028589A0900B7992C /* SurahDO+CoreDataProperties.swift in Sources */ = {isa = PBXBuildFile; fileRef = 0A4010F628589A0900B7992C /* SurahDO+CoreDataProperties.swift */; };
		0A40110128589A0900B7992C /* WordDO+CoreDataClass.swift in Sources */ = {isa = PBXBuildFile; fileRef = 0A4010F728589A0900B7992C /* WordDO+CoreDataClass.swift */; };
		0A40110228589A0900B7992C /* WordDO+CoreDataProperties.swift in Sources */ = {isa = PBXBuildFile; fileRef = 0A4010F828589A0900B7992C /* WordDO+CoreDataProperties.swift */; };
		0A40110328589A0900B7992C /* SurahTranslationDO+CoreDataClass.swift in Sources */ = {isa = PBXBuildFile; fileRef = 0A4010F928589A0900B7992C /* SurahTranslationDO+CoreDataClass.swift */; };
		0A40110428589A0900B7992C /* SurahTranslationDO+CoreDataProperties.swift in Sources */ = {isa = PBXBuildFile; fileRef = 0A4010FA28589A0900B7992C /* SurahTranslationDO+CoreDataProperties.swift */; };
		0A40110528589A0900B7992C /* AyahDO+CoreDataClass.swift in Sources */ = {isa = PBXBuildFile; fileRef = 0A4010FB28589A0900B7992C /* AyahDO+CoreDataClass.swift */; };
		0A40110628589A0900B7992C /* AyahDO+CoreDataProperties.swift in Sources */ = {isa = PBXBuildFile; fileRef = 0A4010FC28589A0900B7992C /* AyahDO+CoreDataProperties.swift */; };
		0A4011082858BBDF00B7992C /* DataWriteFacade.swift in Sources */ = {isa = PBXBuildFile; fileRef = 0A4011072858BBDF00B7992C /* DataWriteFacade.swift */; };
		0A6F62B2285751F900D244B1 /* Quran.swift in Sources */ = {isa = PBXBuildFile; fileRef = 0A6F62B1285751F900D244B1 /* Quran.swift */; };
		0A6F62B42857525E00D244B1 /* CoreDataStack.swift in Sources */ = {isa = PBXBuildFile; fileRef = 0A6F62B32857525E00D244B1 /* CoreDataStack.swift */; };
		0A7562ED28574FFF00ECD0AB /* main.swift in Sources */ = {isa = PBXBuildFile; fileRef = 0A7562EC28574FFF00ECD0AB /* main.swift */; };
		0A7562F42857508700ECD0AB /* QuranRepository.swift in Sources */ = {isa = PBXBuildFile; fileRef = 0A7562F32857508700ECD0AB /* QuranRepository.swift */; };
		0AE9624E2858688400827D5D /* SurahDO+.swift in Sources */ = {isa = PBXBuildFile; fileRef = 0AE9624D2858688400827D5D /* SurahDO+.swift */; };
		0AE962502858691600827D5D /* CoreDataFacade.swift in Sources */ = {isa = PBXBuildFile; fileRef = 0AE9624F2858691600827D5D /* CoreDataFacade.swift */; };
		EEB3ABC62857967A00D8E0B0 /* QuranDM.xcdatamodeld in Sources */ = {isa = PBXBuildFile; fileRef = EEB3ABC42857967A00D8E0B0 /* QuranDM.xcdatamodeld */; };
/* End PBXBuildFile section */

/* Begin PBXCopyFilesBuildPhase section */
		0A7562E728574FFF00ECD0AB /* CopyFiles */ = {
			isa = PBXCopyFilesBuildPhase;
			buildActionMask = 2147483647;
			dstPath = /usr/share/man/man1/;
			dstSubfolderSpec = 0;
			files = (
			);
			runOnlyForDeploymentPostprocessing = 1;
		};
/* End PBXCopyFilesBuildPhase section */

/* Begin PBXFileReference section */
		0A4010F328589A0900B7992C /* AyahTranslationDO+CoreDataClass.swift */ = {isa = PBXFileReference; lastKnownFileType = sourcecode.swift; path = "AyahTranslationDO+CoreDataClass.swift"; sourceTree = "<group>"; };
		0A4010F428589A0900B7992C /* AyahTranslationDO+CoreDataProperties.swift */ = {isa = PBXFileReference; lastKnownFileType = sourcecode.swift; path = "AyahTranslationDO+CoreDataProperties.swift"; sourceTree = "<group>"; };
		0A4010F528589A0900B7992C /* SurahDO+CoreDataClass.swift */ = {isa = PBXFileReference; lastKnownFileType = sourcecode.swift; path = "SurahDO+CoreDataClass.swift"; sourceTree = "<group>"; };
		0A4010F628589A0900B7992C /* SurahDO+CoreDataProperties.swift */ = {isa = PBXFileReference; lastKnownFileType = sourcecode.swift; path = "SurahDO+CoreDataProperties.swift"; sourceTree = "<group>"; };
		0A4010F728589A0900B7992C /* WordDO+CoreDataClass.swift */ = {isa = PBXFileReference; lastKnownFileType = sourcecode.swift; path = "WordDO+CoreDataClass.swift"; sourceTree = "<group>"; };
		0A4010F828589A0900B7992C /* WordDO+CoreDataProperties.swift */ = {isa = PBXFileReference; lastKnownFileType = sourcecode.swift; path = "WordDO+CoreDataProperties.swift"; sourceTree = "<group>"; };
		0A4010F928589A0900B7992C /* SurahTranslationDO+CoreDataClass.swift */ = {isa = PBXFileReference; lastKnownFileType = sourcecode.swift; path = "SurahTranslationDO+CoreDataClass.swift"; sourceTree = "<group>"; };
		0A4010FA28589A0900B7992C /* SurahTranslationDO+CoreDataProperties.swift */ = {isa = PBXFileReference; lastKnownFileType = sourcecode.swift; path = "SurahTranslationDO+CoreDataProperties.swift"; sourceTree = "<group>"; };
		0A4010FB28589A0900B7992C /* AyahDO+CoreDataClass.swift */ = {isa = PBXFileReference; lastKnownFileType = sourcecode.swift; path = "AyahDO+CoreDataClass.swift"; sourceTree = "<group>"; };
		0A4010FC28589A0900B7992C /* AyahDO+CoreDataProperties.swift */ = {isa = PBXFileReference; lastKnownFileType = sourcecode.swift; path = "AyahDO+CoreDataProperties.swift"; sourceTree = "<group>"; };
		0A4011072858BBDF00B7992C /* DataWriteFacade.swift */ = {isa = PBXFileReference; lastKnownFileType = sourcecode.swift; path = DataWriteFacade.swift; sourceTree = "<group>"; };
		0A6F62B1285751F900D244B1 /* Quran.swift */ = {isa = PBXFileReference; fileEncoding = 4; lastKnownFileType = sourcecode.swift; name = Quran.swift; path = ../../QuranAndSunnah/QuranAndSunnah/Quran/Quran.swift; sourceTree = "<group>"; };
		0A6F62B32857525E00D244B1 /* CoreDataStack.swift */ = {isa = PBXFileReference; fileEncoding = 4; lastKnownFileType = sourcecode.swift; path = CoreDataStack.swift; sourceTree = "<group>"; };
		0A7562E928574FFF00ECD0AB /* SQLiteConverter */ = {isa = PBXFileReference; explicitFileType = "compiled.mach-o.executable"; includeInIndex = 0; path = SQLiteConverter; sourceTree = BUILT_PRODUCTS_DIR; };
		0A7562EC28574FFF00ECD0AB /* main.swift */ = {isa = PBXFileReference; lastKnownFileType = sourcecode.swift; path = main.swift; sourceTree = "<group>"; };
		0A7562F32857508700ECD0AB /* QuranRepository.swift */ = {isa = PBXFileReference; fileEncoding = 4; lastKnownFileType = sourcecode.swift; name = QuranRepository.swift; path = ../../QuranAndSunnah/QuranAndSunnah/Shared/Repository/QuranRepository.swift; sourceTree = "<group>"; };
		0AE9624D2858688400827D5D /* SurahDO+.swift */ = {isa = PBXFileReference; lastKnownFileType = sourcecode.swift; path = "SurahDO+.swift"; sourceTree = "<group>"; };
		0AE9624F2858691600827D5D /* CoreDataFacade.swift */ = {isa = PBXFileReference; lastKnownFileType = sourcecode.swift; path = CoreDataFacade.swift; sourceTree = "<group>"; };
		EEB3ABC52857967A00D8E0B0 /* Model.xcdatamodel */ = {isa = PBXFileReference; lastKnownFileType = wrapper.xcdatamodel; path = Model.xcdatamodel; sourceTree = "<group>"; };
/* End PBXFileReference section */

/* Begin PBXFrameworksBuildPhase section */
		0A7562E628574FFF00ECD0AB /* Frameworks */ = {
			isa = PBXFrameworksBuildPhase;
			buildActionMask = 2147483647;
			files = (
			);
			runOnlyForDeploymentPostprocessing = 0;
		};
/* End PBXFrameworksBuildPhase section */

/* Begin PBXGroup section */
		0A7562E028574FFF00ECD0AB = {
			isa = PBXGroup;
			children = (
				0A7562EB28574FFF00ECD0AB /* SQLiteConverter */,
				0A7562EA28574FFF00ECD0AB /* Products */,
			);
			sourceTree = "<group>";
		};
		0A7562EA28574FFF00ECD0AB /* Products */ = {
			isa = PBXGroup;
			children = (
				0A7562E928574FFF00ECD0AB /* SQLiteConverter */,
			);
			name = Products;
			sourceTree = "<group>";
		};
		0A7562EB28574FFF00ECD0AB /* SQLiteConverter */ = {
			isa = PBXGroup;
			children = (
				0AE9624C2858683F00827D5D /* CoreData Coordinator */,
				EEB3ABD22857A2A100D8E0B0 /* CoreDataEntity */,
				0A6F62B1285751F900D244B1 /* Quran.swift */,
				0A7562F32857508700ECD0AB /* QuranRepository.swift */,
				0A7562EC28574FFF00ECD0AB /* main.swift */,
				EEB3ABC42857967A00D8E0B0 /* QuranDM.xcdatamodeld */,
			);
			path = SQLiteConverter;
			sourceTree = "<group>";
		};
		0AE9624C2858683F00827D5D /* CoreData Coordinator */ = {
			isa = PBXGroup;
			children = (
				0A6F62B32857525E00D244B1 /* CoreDataStack.swift */,
				0AE9624D2858688400827D5D /* SurahDO+.swift */,
				0AE9624F2858691600827D5D /* CoreDataFacade.swift */,
				0A4011072858BBDF00B7992C /* DataWriteFacade.swift */,
			);
			path = "CoreData Coordinator";
			sourceTree = "<group>";
		};
		EEB3ABD22857A2A100D8E0B0 /* CoreDataEntity */ = {
			isa = PBXGroup;
			children = (
				0A4010F328589A0900B7992C /* AyahTranslationDO+CoreDataClass.swift */,
				0A4010F428589A0900B7992C /* AyahTranslationDO+CoreDataProperties.swift */,
				0A4010F528589A0900B7992C /* SurahDO+CoreDataClass.swift */,
				0A4010F628589A0900B7992C /* SurahDO+CoreDataProperties.swift */,
				0A4010F728589A0900B7992C /* WordDO+CoreDataClass.swift */,
				0A4010F828589A0900B7992C /* WordDO+CoreDataProperties.swift */,
				0A4010F928589A0900B7992C /* SurahTranslationDO+CoreDataClass.swift */,
				0A4010FA28589A0900B7992C /* SurahTranslationDO+CoreDataProperties.swift */,
				0A4010FB28589A0900B7992C /* AyahDO+CoreDataClass.swift */,
				0A4010FC28589A0900B7992C /* AyahDO+CoreDataProperties.swift */,
			);
			path = CoreDataEntity;
			sourceTree = "<group>";
		};
/* End PBXGroup section */

/* Begin PBXNativeTarget section */
		0A7562E828574FFF00ECD0AB /* SQLiteConverter */ = {
			isa = PBXNativeTarget;
			buildConfigurationList = 0A7562F028574FFF00ECD0AB /* Build configuration list for PBXNativeTarget "SQLiteConverter" */;
			buildPhases = (
				0A7562E528574FFF00ECD0AB /* Sources */,
				0A7562E628574FFF00ECD0AB /* Frameworks */,
				0A7562E728574FFF00ECD0AB /* CopyFiles */,
			);
			buildRules = (
			);
			dependencies = (
			);
			name = SQLiteConverter;
			productName = SqliteConverter;
			productReference = 0A7562E928574FFF00ECD0AB /* SQLiteConverter */;
			productType = "com.apple.product-type.tool";
		};
/* End PBXNativeTarget section */

/* Begin PBXProject section */
		0A7562E128574FFF00ECD0AB /* Project object */ = {
			isa = PBXProject;
			attributes = {
				BuildIndependentTargetsInParallel = 1;
				LastSwiftUpdateCheck = 1320;
				LastUpgradeCheck = 1320;
				TargetAttributes = {
					0A7562E828574FFF00ECD0AB = {
						CreatedOnToolsVersion = 13.2.1;
						LastSwiftMigration = 1340;
					};
				};
			};
			buildConfigurationList = 0A7562E428574FFF00ECD0AB /* Build configuration list for PBXProject "SQLiteConverter" */;
			compatibilityVersion = "Xcode 13.0";
			developmentRegion = en;
			hasScannedForEncodings = 0;
			knownRegions = (
				en,
				Base,
			);
			mainGroup = 0A7562E028574FFF00ECD0AB;
			productRefGroup = 0A7562EA28574FFF00ECD0AB /* Products */;
			projectDirPath = "";
			projectRoot = "";
			targets = (
				0A7562E828574FFF00ECD0AB /* SQLiteConverter */,
			);
		};
/* End PBXProject section */

/* Begin PBXSourcesBuildPhase section */
		0A7562E528574FFF00ECD0AB /* Sources */ = {
			isa = PBXSourcesBuildPhase;
			buildActionMask = 2147483647;
			files = (
				0A40110128589A0900B7992C /* WordDO+CoreDataClass.swift in Sources */,
				0A4011082858BBDF00B7992C /* DataWriteFacade.swift in Sources */,
				0A40110028589A0900B7992C /* SurahDO+CoreDataProperties.swift in Sources */,
				0A40110228589A0900B7992C /* WordDO+CoreDataProperties.swift in Sources */,
				0AE962502858691600827D5D /* CoreDataFacade.swift in Sources */,
				0A4010FD28589A0900B7992C /* AyahTranslationDO+CoreDataClass.swift in Sources */,
				0A7562ED28574FFF00ECD0AB /* main.swift in Sources */,
				0A40110628589A0900B7992C /* AyahDO+CoreDataProperties.swift in Sources */,
				0A6F62B2285751F900D244B1 /* Quran.swift in Sources */,
				EEB3ABC62857967A00D8E0B0 /* QuranDM.xcdatamodeld in Sources */,
				0A7562F42857508700ECD0AB /* QuranRepository.swift in Sources */,
				0A4010FF28589A0900B7992C /* SurahDO+CoreDataClass.swift in Sources */,
				0A40110428589A0900B7992C /* SurahTranslationDO+CoreDataProperties.swift in Sources */,
				0A40110328589A0900B7992C /* SurahTranslationDO+CoreDataClass.swift in Sources */,
				0A4010FE28589A0900B7992C /* AyahTranslationDO+CoreDataProperties.swift in Sources */,
				0AE9624E2858688400827D5D /* SurahDO+.swift in Sources */,
				0A6F62B42857525E00D244B1 /* CoreDataStack.swift in Sources */,
				0A40110528589A0900B7992C /* AyahDO+CoreDataClass.swift in Sources */,
			);
			runOnlyForDeploymentPostprocessing = 0;
		};
/* End PBXSourcesBuildPhase section */

/* Begin XCBuildConfiguration section */
		0A7562EE28574FFF00ECD0AB /* Debug */ = {
			isa = XCBuildConfiguration;
			buildSettings = {
				ALWAYS_SEARCH_USER_PATHS = NO;
				CLANG_ANALYZER_NONNULL = YES;
				CLANG_ANALYZER_NUMBER_OBJECT_CONVERSION = YES_AGGRESSIVE;
				CLANG_CXX_LANGUAGE_STANDARD = "gnu++17";
				CLANG_ENABLE_MODULES = YES;
				CLANG_ENABLE_OBJC_ARC = YES;
				CLANG_ENABLE_OBJC_WEAK = YES;
				CLANG_WARN_BLOCK_CAPTURE_AUTORELEASING = YES;
				CLANG_WARN_BOOL_CONVERSION = YES;
				CLANG_WARN_COMMA = YES;
				CLANG_WARN_CONSTANT_CONVERSION = YES;
				CLANG_WARN_DEPRECATED_OBJC_IMPLEMENTATIONS = YES;
				CLANG_WARN_DIRECT_OBJC_ISA_USAGE = YES_ERROR;
				CLANG_WARN_DOCUMENTATION_COMMENTS = YES;
				CLANG_WARN_EMPTY_BODY = YES;
				CLANG_WARN_ENUM_CONVERSION = YES;
				CLANG_WARN_INFINITE_RECURSION = YES;
				CLANG_WARN_INT_CONVERSION = YES;
				CLANG_WARN_NON_LITERAL_NULL_CONVERSION = YES;
				CLANG_WARN_OBJC_IMPLICIT_RETAIN_SELF = YES;
				CLANG_WARN_OBJC_LITERAL_CONVERSION = YES;
				CLANG_WARN_OBJC_ROOT_CLASS = YES_ERROR;
				CLANG_WARN_QUOTED_INCLUDE_IN_FRAMEWORK_HEADER = YES;
				CLANG_WARN_RANGE_LOOP_ANALYSIS = YES;
				CLANG_WARN_STRICT_PROTOTYPES = YES;
				CLANG_WARN_SUSPICIOUS_MOVE = YES;
				CLANG_WARN_UNGUARDED_AVAILABILITY = YES_AGGRESSIVE;
				CLANG_WARN_UNREACHABLE_CODE = YES;
				CLANG_WARN__DUPLICATE_METHOD_MATCH = YES;
				COPY_PHASE_STRIP = NO;
				DEBUG_INFORMATION_FORMAT = dwarf;
				ENABLE_STRICT_OBJC_MSGSEND = YES;
				ENABLE_TESTABILITY = YES;
				GCC_C_LANGUAGE_STANDARD = gnu11;
				GCC_DYNAMIC_NO_PIC = NO;
				GCC_NO_COMMON_BLOCKS = YES;
				GCC_OPTIMIZATION_LEVEL = 0;
				GCC_PREPROCESSOR_DEFINITIONS = (
					"DEBUG=1",
					"$(inherited)",
				);
				GCC_WARN_64_TO_32_BIT_CONVERSION = YES;
				GCC_WARN_ABOUT_RETURN_TYPE = YES_ERROR;
				GCC_WARN_UNDECLARED_SELECTOR = YES;
				GCC_WARN_UNINITIALIZED_AUTOS = YES_AGGRESSIVE;
				GCC_WARN_UNUSED_FUNCTION = YES;
				GCC_WARN_UNUSED_VARIABLE = YES;
				MACOSX_DEPLOYMENT_TARGET = 12.1;
				MTL_ENABLE_DEBUG_INFO = INCLUDE_SOURCE;
				MTL_FAST_MATH = YES;
				ONLY_ACTIVE_ARCH = YES;
				SDKROOT = macosx;
				SWIFT_ACTIVE_COMPILATION_CONDITIONS = DEBUG;
				SWIFT_OPTIMIZATION_LEVEL = "-Onone";
			};
			name = Debug;
		};
		0A7562EF28574FFF00ECD0AB /* Release */ = {
			isa = XCBuildConfiguration;
			buildSettings = {
				ALWAYS_SEARCH_USER_PATHS = NO;
				CLANG_ANALYZER_NONNULL = YES;
				CLANG_ANALYZER_NUMBER_OBJECT_CONVERSION = YES_AGGRESSIVE;
				CLANG_CXX_LANGUAGE_STANDARD = "gnu++17";
				CLANG_ENABLE_MODULES = YES;
				CLANG_ENABLE_OBJC_ARC = YES;
				CLANG_ENABLE_OBJC_WEAK = YES;
				CLANG_WARN_BLOCK_CAPTURE_AUTORELEASING = YES;
				CLANG_WARN_BOOL_CONVERSION = YES;
				CLANG_WARN_COMMA = YES;
				CLANG_WARN_CONSTANT_CONVERSION = YES;
				CLANG_WARN_DEPRECATED_OBJC_IMPLEMENTATIONS = YES;
				CLANG_WARN_DIRECT_OBJC_ISA_USAGE = YES_ERROR;
				CLANG_WARN_DOCUMENTATION_COMMENTS = YES;
				CLANG_WARN_EMPTY_BODY = YES;
				CLANG_WARN_ENUM_CONVERSION = YES;
				CLANG_WARN_INFINITE_RECURSION = YES;
				CLANG_WARN_INT_CONVERSION = YES;
				CLANG_WARN_NON_LITERAL_NULL_CONVERSION = YES;
				CLANG_WARN_OBJC_IMPLICIT_RETAIN_SELF = YES;
				CLANG_WARN_OBJC_LITERAL_CONVERSION = YES;
				CLANG_WARN_OBJC_ROOT_CLASS = YES_ERROR;
				CLANG_WARN_QUOTED_INCLUDE_IN_FRAMEWORK_HEADER = YES;
				CLANG_WARN_RANGE_LOOP_ANALYSIS = YES;
				CLANG_WARN_STRICT_PROTOTYPES = YES;
				CLANG_WARN_SUSPICIOUS_MOVE = YES;
				CLANG_WARN_UNGUARDED_AVAILABILITY = YES_AGGRESSIVE;
				CLANG_WARN_UNREACHABLE_CODE = YES;
				CLANG_WARN__DUPLICATE_METHOD_MATCH = YES;
				COPY_PHASE_STRIP = NO;
				DEBUG_INFORMATION_FORMAT = "dwarf-with-dsym";
				ENABLE_NS_ASSERTIONS = NO;
				ENABLE_STRICT_OBJC_MSGSEND = YES;
				GCC_C_LANGUAGE_STANDARD = gnu11;
				GCC_NO_COMMON_BLOCKS = YES;
				GCC_WARN_64_TO_32_BIT_CONVERSION = YES;
				GCC_WARN_ABOUT_RETURN_TYPE = YES_ERROR;
				GCC_WARN_UNDECLARED_SELECTOR = YES;
				GCC_WARN_UNINITIALIZED_AUTOS = YES_AGGRESSIVE;
				GCC_WARN_UNUSED_FUNCTION = YES;
				GCC_WARN_UNUSED_VARIABLE = YES;
				MACOSX_DEPLOYMENT_TARGET = 12.1;
				MTL_ENABLE_DEBUG_INFO = NO;
				MTL_FAST_MATH = YES;
				SDKROOT = macosx;
				SWIFT_COMPILATION_MODE = wholemodule;
				SWIFT_OPTIMIZATION_LEVEL = "-O";
			};
			name = Release;
		};
		0A7562F128574FFF00ECD0AB /* Debug */ = {
			isa = XCBuildConfiguration;
			buildSettings = {
				CLANG_ENABLE_MODULES = YES;
				CODE_SIGN_STYLE = Automatic;
				LD_RUNPATH_SEARCH_PATHS = (
					"$(inherited)",
					"@executable_path/../Frameworks",
					"@loader_path/../Frameworks",
				);
				MACOSX_DEPLOYMENT_TARGET = 12.0;
				PRODUCT_NAME = "$(TARGET_NAME)";
				SWIFT_INSTALL_OBJC_HEADER = YES;
				SWIFT_OBJC_BRIDGING_HEADER = "";
				SWIFT_OPTIMIZATION_LEVEL = "-Onone";
				SWIFT_PRECOMPILE_BRIDGING_HEADER = YES;
				SWIFT_VERSION = 5.0;
			};
			name = Debug;
		};
		0A7562F228574FFF00ECD0AB /* Release */ = {
			isa = XCBuildConfiguration;
			buildSettings = {
				CLANG_ENABLE_MODULES = YES;
				CODE_SIGN_STYLE = Automatic;
				LD_RUNPATH_SEARCH_PATHS = (
					"$(inherited)",
					"@executable_path/../Frameworks",
					"@loader_path/../Frameworks",
				);
				MACOSX_DEPLOYMENT_TARGET = 12.0;
				PRODUCT_NAME = "$(TARGET_NAME)";
				SWIFT_INSTALL_OBJC_HEADER = YES;
				SWIFT_OBJC_BRIDGING_HEADER = "";
				SWIFT_PRECOMPILE_BRIDGING_HEADER = YES;
				SWIFT_VERSION = 5.0;
			};
			name = Release;
		};
/* End XCBuildConfiguration section */

/* Begin XCConfigurationList section */
		0A7562E428574FFF00ECD0AB /* Build configuration list for PBXProject "SQLiteConverter" */ = {
			isa = XCConfigurationList;
			buildConfigurations = (
				0A7562EE28574FFF00ECD0AB /* Debug */,
				0A7562EF28574FFF00ECD0AB /* Release */,
			);
			defaultConfigurationIsVisible = 0;
			defaultConfigurationName = Release;
		};
		0A7562F028574FFF00ECD0AB /* Build configuration list for PBXNativeTarget "SQLiteConverter" */ = {
			isa = XCConfigurationList;
			buildConfigurations = (
				0A7562F128574FFF00ECD0AB /* Debug */,
				0A7562F228574FFF00ECD0AB /* Release */,
			);
			defaultConfigurationIsVisible = 0;
			defaultConfigurationName = Release;
		};
/* End XCConfigurationList section */

/* Begin XCVersionGroup section */
		EEB3ABC42857967A00D8E0B0 /* QuranDM.xcdatamodeld */ = {
			isa = XCVersionGroup;
			children = (
				EEB3ABC52857967A00D8E0B0 /* Model.xcdatamodel */,
			);
			currentVersion = EEB3ABC52857967A00D8E0B0 /* Model.xcdatamodel */;
			path = QuranDM.xcdatamodeld;
			sourceTree = "<group>";
			versionGroupType = wrapper.xcdatamodel;
		};
/* End XCVersionGroup section */
	};
	rootObject = 0A7562E128574FFF00ECD0AB /* Project object */;
}
