// !$*UTF8*$!
{
	archiveVersion = 1;
	classes = {
	};
	objectVersion = 55;
	objects = {

/* Begin PBXBuildFile section */
		0A11561F286D6B5B0007C307 /* main.swift in Sources */ = {isa = PBXBuildFile; fileRef = 0A11561E286D6B5B0007C307 /* main.swift */; };
		0A115626286D6C250007C307 /* HTMLContentParser.swift in Sources */ = {isa = PBXBuildFile; fileRef = 0A115625286D6C250007C307 /* HTMLContentParser.swift */; };
		385910360823C36DCEE243AE /* Pods_IbnKathirParser.framework in Frameworks */ = {isa = PBXBuildFile; fileRef = 705CB7A5A55ABD8D789B3B81 /* Pods_IbnKathirParser.framework */; };
/* End PBXBuildFile section */

/* Begin PBXCopyFilesBuildPhase section */
		0A115619286D6B5B0007C307 /* CopyFiles */ = {
			isa = PBXCopyFilesBuildPhase;
			buildActionMask = 2147483647;
			dstPath = /usr/share/man/man1/;
			dstSubfolderSpec = 0;
			files = (
			);
			runOnlyForDeploymentPostprocessing = 1;
		};
/* End PBXCopyFilesBuildPhase section */

/* Begin PBXFileReference section */
		0A11561B286D6B5B0007C307 /* IbnKathirParser */ = {isa = PBXFileReference; explicitFileType = "compiled.mach-o.executable"; includeInIndex = 0; path = IbnKathirParser; sourceTree = BUILT_PRODUCTS_DIR; };
		0A11561E286D6B5B0007C307 /* main.swift */ = {isa = PBXFileReference; lastKnownFileType = sourcecode.swift; path = main.swift; sourceTree = "<group>"; };
		0A115625286D6C250007C307 /* HTMLContentParser.swift */ = {isa = PBXFileReference; lastKnownFileType = sourcecode.swift; path = HTMLContentParser.swift; sourceTree = "<group>"; };
		0A115627286D6C5B0007C307 /* IbnKathirContents */ = {isa = PBXFileReference; lastKnownFileType = folder; path = IbnKathirContents; sourceTree = "<group>"; };
		4C0E8E52457A2BA56811FF48 /* Pods-SampleMacOSCommand.debug.xcconfig */ = {isa = PBXFileReference; includeInIndex = 1; lastKnownFileType = text.xcconfig; name = "Pods-SampleMacOSCommand.debug.xcconfig"; path = "Target Support Files/Pods-SampleMacOSCommand/Pods-SampleMacOSCommand.debug.xcconfig"; sourceTree = "<group>"; };
		705CB7A5A55ABD8D789B3B81 /* Pods_IbnKathirParser.framework */ = {isa = PBXFileReference; explicitFileType = wrapper.framework; includeInIndex = 0; path = Pods_IbnKathirParser.framework; sourceTree = BUILT_PRODUCTS_DIR; };
		963DFFEAF14FCF0A1E7D30B8 /* Pods-IbnKathirParser.release.xcconfig */ = {isa = PBXFileReference; includeInIndex = 1; lastKnownFileType = text.xcconfig; name = "Pods-IbnKathirParser.release.xcconfig"; path = "Target Support Files/Pods-IbnKathirParser/Pods-IbnKathirParser.release.xcconfig"; sourceTree = "<group>"; };
		CD7F5FAF0C4DDCA650C3ECC8 /* Pods-IbnKathirParser.debug.xcconfig */ = {isa = PBXFileReference; includeInIndex = 1; lastKnownFileType = text.xcconfig; name = "Pods-IbnKathirParser.debug.xcconfig"; path = "Target Support Files/Pods-IbnKathirParser/Pods-IbnKathirParser.debug.xcconfig"; sourceTree = "<group>"; };
		EDB250EF857B7524B5ADDD0F /* Pods-SampleMacOSCommand.release.xcconfig */ = {isa = PBXFileReference; includeInIndex = 1; lastKnownFileType = text.xcconfig; name = "Pods-SampleMacOSCommand.release.xcconfig"; path = "Target Support Files/Pods-SampleMacOSCommand/Pods-SampleMacOSCommand.release.xcconfig"; sourceTree = "<group>"; };
/* End PBXFileReference section */

/* Begin PBXFrameworksBuildPhase section */
		0A115618286D6B5B0007C307 /* Frameworks */ = {
			isa = PBXFrameworksBuildPhase;
			buildActionMask = 2147483647;
			files = (
				385910360823C36DCEE243AE /* Pods_IbnKathirParser.framework in Frameworks */,
			);
			runOnlyForDeploymentPostprocessing = 0;
		};
/* End PBXFrameworksBuildPhase section */

/* Begin PBXGroup section */
		0A115612286D6B5B0007C307 = {
			isa = PBXGroup;
			children = (
				0A11561D286D6B5B0007C307 /* IbnKathirParser */,
				0A11561C286D6B5B0007C307 /* Products */,
				BE718F74CE7DA2747BB3D06D /* Pods */,
				1835A7B17DC100F33807244E /* Frameworks */,
			);
			sourceTree = "<group>";
		};
		0A11561C286D6B5B0007C307 /* Products */ = {
			isa = PBXGroup;
			children = (
				0A11561B286D6B5B0007C307 /* IbnKathirParser */,
			);
			name = Products;
			sourceTree = "<group>";
		};
		0A11561D286D6B5B0007C307 /* IbnKathirParser */ = {
			isa = PBXGroup;
			children = (
				0A115627286D6C5B0007C307 /* IbnKathirContents */,
				0A115625286D6C250007C307 /* HTMLContentParser.swift */,
				0A11561E286D6B5B0007C307 /* main.swift */,
			);
			path = IbnKathirParser;
			sourceTree = "<group>";
		};
		1835A7B17DC100F33807244E /* Frameworks */ = {
			isa = PBXGroup;
			children = (
				705CB7A5A55ABD8D789B3B81 /* Pods_IbnKathirParser.framework */,
			);
			name = Frameworks;
			sourceTree = "<group>";
		};
		BE718F74CE7DA2747BB3D06D /* Pods */ = {
			isa = PBXGroup;
			children = (
				4C0E8E52457A2BA56811FF48 /* Pods-SampleMacOSCommand.debug.xcconfig */,
				EDB250EF857B7524B5ADDD0F /* Pods-SampleMacOSCommand.release.xcconfig */,
				CD7F5FAF0C4DDCA650C3ECC8 /* Pods-IbnKathirParser.debug.xcconfig */,
				963DFFEAF14FCF0A1E7D30B8 /* Pods-IbnKathirParser.release.xcconfig */,
			);
			name = Pods;
			path = ../Pods;
			sourceTree = "<group>";
		};
/* End PBXGroup section */

/* Begin PBXNativeTarget section */
		0A11561A286D6B5B0007C307 /* IbnKathirParser */ = {
			isa = PBXNativeTarget;
			buildConfigurationList = 0A115622286D6B5B0007C307 /* Build configuration list for PBXNativeTarget "IbnKathirParser" */;
			buildPhases = (
				F52FB768A15C02D9A0B03D1E /* [CP] Check Pods Manifest.lock */,
				0A115617286D6B5B0007C307 /* Sources */,
				0A115618286D6B5B0007C307 /* Frameworks */,
				0A115619286D6B5B0007C307 /* CopyFiles */,
			);
			buildRules = (
			);
			dependencies = (
			);
			name = IbnKathirParser;
			productName = SampleMacOSCommand;
			productReference = 0A11561B286D6B5B0007C307 /* IbnKathirParser */;
			productType = "com.apple.product-type.tool";
		};
/* End PBXNativeTarget section */

/* Begin PBXProject section */
		0A115613286D6B5B0007C307 /* Project object */ = {
			isa = PBXProject;
			attributes = {
				BuildIndependentTargetsInParallel = 1;
				LastSwiftUpdateCheck = 1340;
				LastUpgradeCheck = 1340;
				TargetAttributes = {
					0A11561A286D6B5B0007C307 = {
						CreatedOnToolsVersion = 13.4.1;
					};
				};
			};
			buildConfigurationList = 0A115616286D6B5B0007C307 /* Build configuration list for PBXProject "IbnKathirParser" */;
			compatibilityVersion = "Xcode 13.0";
			developmentRegion = en;
			hasScannedForEncodings = 0;
			knownRegions = (
				en,
				Base,
			);
			mainGroup = 0A115612286D6B5B0007C307;
			productRefGroup = 0A11561C286D6B5B0007C307 /* Products */;
			projectDirPath = "";
			projectRoot = "";
			targets = (
				0A11561A286D6B5B0007C307 /* IbnKathirParser */,
			);
		};
/* End PBXProject section */

/* Begin PBXShellScriptBuildPhase section */
		F52FB768A15C02D9A0B03D1E /* [CP] Check Pods Manifest.lock */ = {
			isa = PBXShellScriptBuildPhase;
			buildActionMask = 2147483647;
			files = (
			);
			inputFileListPaths = (
			);
			inputPaths = (
				"${PODS_PODFILE_DIR_PATH}/Podfile.lock",
				"${PODS_ROOT}/Manifest.lock",
			);
			name = "[CP] Check Pods Manifest.lock";
			outputFileListPaths = (
			);
			outputPaths = (
				"$(DERIVED_FILE_DIR)/Pods-IbnKathirParser-checkManifestLockResult.txt",
			);
			runOnlyForDeploymentPostprocessing = 0;
			shellPath = /bin/sh;
			shellScript = "diff \"${PODS_PODFILE_DIR_PATH}/Podfile.lock\" \"${PODS_ROOT}/Manifest.lock\" > /dev/null\nif [ $? != 0 ] ; then\n    # print error to STDERR\n    echo \"error: The sandbox is not in sync with the Podfile.lock. Run 'pod install' or update your CocoaPods installation.\" >&2\n    exit 1\nfi\n# This output is used by Xcode 'outputs' to avoid re-running this script phase.\necho \"SUCCESS\" > \"${SCRIPT_OUTPUT_FILE_0}\"\n";
			showEnvVarsInLog = 0;
		};
/* End PBXShellScriptBuildPhase section */

/* Begin PBXSourcesBuildPhase section */
		0A115617286D6B5B0007C307 /* Sources */ = {
			isa = PBXSourcesBuildPhase;
			buildActionMask = 2147483647;
			files = (
				0A11561F286D6B5B0007C307 /* main.swift in Sources */,
				0A115626286D6C250007C307 /* HTMLContentParser.swift in Sources */,
			);
			runOnlyForDeploymentPostprocessing = 0;
		};
/* End PBXSourcesBuildPhase section */

/* Begin XCBuildConfiguration section */
		0A115620286D6B5B0007C307 /* Debug */ = {
			isa = XCBuildConfiguration;
			buildSettings = {
				ALWAYS_SEARCH_USER_PATHS = NO;
				CLANG_ANALYZER_NONNULL = YES;
				CLANG_ANALYZER_NUMBER_OBJECT_CONVERSION = YES_AGGRESSIVE;
				CLANG_CXX_LANGUAGE_STANDARD = "gnu++17";
				CLANG_ENABLE_MODULES = YES;
				CLANG_ENABLE_OBJC_ARC = YES;
				CLANG_ENABLE_OBJC_WEAK = YES;
				CLANG_WARN_BLOCK_CAPTURE_AUTORELEASING = YES;
				CLANG_WARN_BOOL_CONVERSION = YES;
				CLANG_WARN_COMMA = YES;
				CLANG_WARN_CONSTANT_CONVERSION = YES;
				CLANG_WARN_DEPRECATED_OBJC_IMPLEMENTATIONS = YES;
				CLANG_WARN_DIRECT_OBJC_ISA_USAGE = YES_ERROR;
				CLANG_WARN_DOCUMENTATION_COMMENTS = YES;
				CLANG_WARN_EMPTY_BODY = YES;
				CLANG_WARN_ENUM_CONVERSION = YES;
				CLANG_WARN_INFINITE_RECURSION = YES;
				CLANG_WARN_INT_CONVERSION = YES;
				CLANG_WARN_NON_LITERAL_NULL_CONVERSION = YES;
				CLANG_WARN_OBJC_IMPLICIT_RETAIN_SELF = YES;
				CLANG_WARN_OBJC_LITERAL_CONVERSION = YES;
				CLANG_WARN_OBJC_ROOT_CLASS = YES_ERROR;
				CLANG_WARN_QUOTED_INCLUDE_IN_FRAMEWORK_HEADER = YES;
				CLANG_WARN_RANGE_LOOP_ANALYSIS = YES;
				CLANG_WARN_STRICT_PROTOTYPES = YES;
				CLANG_WARN_SUSPICIOUS_MOVE = YES;
				CLANG_WARN_UNGUARDED_AVAILABILITY = YES_AGGRESSIVE;
				CLANG_WARN_UNREACHABLE_CODE = YES;
				CLANG_WARN__DUPLICATE_METHOD_MATCH = YES;
				COPY_PHASE_STRIP = NO;
				DEBUG_INFORMATION_FORMAT = dwarf;
				ENABLE_STRICT_OBJC_MSGSEND = YES;
				ENABLE_TESTABILITY = YES;
				GCC_C_LANGUAGE_STANDARD = gnu11;
				GCC_DYNAMIC_NO_PIC = NO;
				GCC_NO_COMMON_BLOCKS = YES;
				GCC_OPTIMIZATION_LEVEL = 0;
				GCC_PREPROCESSOR_DEFINITIONS = (
					"DEBUG=1",
					"$(inherited)",
				);
				GCC_WARN_64_TO_32_BIT_CONVERSION = YES;
				GCC_WARN_ABOUT_RETURN_TYPE = YES_ERROR;
				GCC_WARN_UNDECLARED_SELECTOR = YES;
				GCC_WARN_UNINITIALIZED_AUTOS = YES_AGGRESSIVE;
				GCC_WARN_UNUSED_FUNCTION = YES;
				GCC_WARN_UNUSED_VARIABLE = YES;
				MACOSX_DEPLOYMENT_TARGET = 12.3;
				MTL_ENABLE_DEBUG_INFO = INCLUDE_SOURCE;
				MTL_FAST_MATH = YES;
				ONLY_ACTIVE_ARCH = YES;
				SDKROOT = macosx;
				SWIFT_ACTIVE_COMPILATION_CONDITIONS = DEBUG;
				SWIFT_OPTIMIZATION_LEVEL = "-Onone";
			};
			name = Debug;
		};
		0A115621286D6B5B0007C307 /* Release */ = {
			isa = XCBuildConfiguration;
			buildSettings = {
				ALWAYS_SEARCH_USER_PATHS = NO;
				CLANG_ANALYZER_NONNULL = YES;
				CLANG_ANALYZER_NUMBER_OBJECT_CONVERSION = YES_AGGRESSIVE;
				CLANG_CXX_LANGUAGE_STANDARD = "gnu++17";
				CLANG_ENABLE_MODULES = YES;
				CLANG_ENABLE_OBJC_ARC = YES;
				CLANG_ENABLE_OBJC_WEAK = YES;
				CLANG_WARN_BLOCK_CAPTURE_AUTORELEASING = YES;
				CLANG_WARN_BOOL_CONVERSION = YES;
				CLANG_WARN_COMMA = YES;
				CLANG_WARN_CONSTANT_CONVERSION = YES;
				CLANG_WARN_DEPRECATED_OBJC_IMPLEMENTATIONS = YES;
				CLANG_WARN_DIRECT_OBJC_ISA_USAGE = YES_ERROR;
				CLANG_WARN_DOCUMENTATION_COMMENTS = YES;
				CLANG_WARN_EMPTY_BODY = YES;
				CLANG_WARN_ENUM_CONVERSION = YES;
				CLANG_WARN_INFINITE_RECURSION = YES;
				CLANG_WARN_INT_CONVERSION = YES;
				CLANG_WARN_NON_LITERAL_NULL_CONVERSION = YES;
				CLANG_WARN_OBJC_IMPLICIT_RETAIN_SELF = YES;
				CLANG_WARN_OBJC_LITERAL_CONVERSION = YES;
				CLANG_WARN_OBJC_ROOT_CLASS = YES_ERROR;
				CLANG_WARN_QUOTED_INCLUDE_IN_FRAMEWORK_HEADER = YES;
				CLANG_WARN_RANGE_LOOP_ANALYSIS = YES;
				CLANG_WARN_STRICT_PROTOTYPES = YES;
				CLANG_WARN_SUSPICIOUS_MOVE = YES;
				CLANG_WARN_UNGUARDED_AVAILABILITY = YES_AGGRESSIVE;
				CLANG_WARN_UNREACHABLE_CODE = YES;
				CLANG_WARN__DUPLICATE_METHOD_MATCH = YES;
				COPY_PHASE_STRIP = NO;
				DEBUG_INFORMATION_FORMAT = "dwarf-with-dsym";
				ENABLE_NS_ASSERTIONS = NO;
				ENABLE_STRICT_OBJC_MSGSEND = YES;
				GCC_C_LANGUAGE_STANDARD = gnu11;
				GCC_NO_COMMON_BLOCKS = YES;
				GCC_WARN_64_TO_32_BIT_CONVERSION = YES;
				GCC_WARN_ABOUT_RETURN_TYPE = YES_ERROR;
				GCC_WARN_UNDECLARED_SELECTOR = YES;
				GCC_WARN_UNINITIALIZED_AUTOS = YES_AGGRESSIVE;
				GCC_WARN_UNUSED_FUNCTION = YES;
				GCC_WARN_UNUSED_VARIABLE = YES;
				MACOSX_DEPLOYMENT_TARGET = 12.3;
				MTL_ENABLE_DEBUG_INFO = NO;
				MTL_FAST_MATH = YES;
				SDKROOT = macosx;
				SWIFT_COMPILATION_MODE = wholemodule;
				SWIFT_OPTIMIZATION_LEVEL = "-O";
			};
			name = Release;
		};
		0A115623286D6B5B0007C307 /* Debug */ = {
			isa = XCBuildConfiguration;
			baseConfigurationReference = CD7F5FAF0C4DDCA650C3ECC8 /* Pods-IbnKathirParser.debug.xcconfig */;
			buildSettings = {
				CODE_SIGN_STYLE = Automatic;
				PRODUCT_NAME = "$(TARGET_NAME)";
				SWIFT_VERSION = 5.0;
			};
			name = Debug;
		};
		0A115624286D6B5B0007C307 /* Release */ = {
			isa = XCBuildConfiguration;
			baseConfigurationReference = 963DFFEAF14FCF0A1E7D30B8 /* Pods-IbnKathirParser.release.xcconfig */;
			buildSettings = {
				CODE_SIGN_STYLE = Automatic;
				PRODUCT_NAME = "$(TARGET_NAME)";
				SWIFT_VERSION = 5.0;
			};
			name = Release;
		};
/* End XCBuildConfiguration section */

/* Begin XCConfigurationList section */
		0A115616286D6B5B0007C307 /* Build configuration list for PBXProject "IbnKathirParser" */ = {
			isa = XCConfigurationList;
			buildConfigurations = (
				0A115620286D6B5B0007C307 /* Debug */,
				0A115621286D6B5B0007C307 /* Release */,
			);
			defaultConfigurationIsVisible = 0;
			defaultConfigurationName = Release;
		};
		0A115622286D6B5B0007C307 /* Build configuration list for PBXNativeTarget "IbnKathirParser" */ = {
			isa = XCConfigurationList;
			buildConfigurations = (
				0A115623286D6B5B0007C307 /* Debug */,
				0A115624286D6B5B0007C307 /* Release */,
			);
			defaultConfigurationIsVisible = 0;
			defaultConfigurationName = Release;
		};
/* End XCConfigurationList section */
	};
	rootObject = 0A115613286D6B5B0007C307 /* Project object */;
}
